
Microsoft Visual Studio Solution File, Format Version 12.00
# Visual Studio 15
VisualStudioVersion = 15.0.28010.2016
MinimumVisualStudioVersion = 10.0.40219.1
Project("{FAE04EC0-301F-11D3-BF4B-00C04F79EFBC}") = "Ejercicio00", "Ejercicio00\Ejercicio00.csproj", "{50F9CD12-C65F-465D-82A3-DFC7E235A85F}"
EndProject
Project("{FAE04EC0-301F-11D3-BF4B-00C04F79EFBC}") = "Ejercicio01", "Ejercicio01\Ejercicio01.csproj", "{2E940BBD-DD19-4BAB-91B1-40EA36B8C63C}"
EndProject
Project("{FAE04EC0-301F-11D3-BF4B-00C04F79EFBC}") = "Ejercicio02", "Ejercicio02\Ejercicio02.csproj", "{E9697DC1-D00E-4299-9169-958683A116AA}"
EndProject
Project("{FAE04EC0-301F-11D3-BF4B-00C04F79EFBC}") = "Ejercicio03", "Ejercicio03\Ejercicio03.csproj", "{B6FB5987-79E0-4171-8639-6B2D5D00A122}"
EndProject
Project("{FAE04EC0-301F-11D3-BF4B-00C04F79EFBC}") = "Ejercicio04", "Ejercicio04\Ejercicio04.csproj", "{08A8055D-254B-4659-9761-6E3FED41B966}"
EndProject
Project("{FAE04EC0-301F-11D3-BF4B-00C04F79EFBC}") = "Ejercicio05", "Ejercicio05\Ejercicio05.csproj", "{A974FE57-FBDF-4690-9A4A-C6A03B5909AB}"
EndProject
Project("{FAE04EC0-301F-11D3-BF4B-00C04F79EFBC}") = "Ejercicio06", "Ejercicio06\Ejercicio06.csproj", "{A93BD309-0DB7-4642-AF74-2B249C548CCC}"
EndProject
Project("{FAE04EC0-301F-11D3-BF4B-00C04F79EFBC}") = "Ejercicio09", "Ejercicio09\Ejercicio09.csproj", "{A4568C7C-304B-4538-B07C-64EDC58E6519}"
EndProject
Project("{FAE04EC0-301F-11D3-BF4B-00C04F79EFBC}") = "Ejercicio11", "Ejercicio11\Ejercicio11.csproj", "{C59DB715-C90B-430A-A2A7-FEBA6242392D}"
EndProject
Project("{FAE04EC0-301F-11D3-BF4B-00C04F79EFBC}") = "Ejercicio12", "Ejercicio12\Ejercicio12.csproj", "{FC55EF54-6F87-429B-8678-EB3230F64D48}"
EndProject
Project("{FAE04EC0-301F-11D3-BF4B-00C04F79EFBC}") = "Ejercicio14", "Ejercicio14\Ejercicio14.csproj", "{71217C13-6212-4A1A-BF0D-A56374D3322A}"
EndProject
Project("{FAE04EC0-301F-11D3-BF4B-00C04F79EFBC}") = "Ejercicio16", "Ejercicio16\Ejercicio16.csproj", "{E57C414C-8E44-4953-AE11-A88167639FE5}"
EndProject
Project("{9A19103F-16F7-4668-BE54-9A1E7A4F7556}") = "EjercicioSello", "EjercicioSello\EjercicioSello.csproj", "{AA8F6650-B8EC-444B-93F9-7355E8CFB52C}"
EndProject
Project("{FAE04EC0-301F-11D3-BF4B-00C04F79EFBC}") = "TestEstante", "TestEstante\TestEstante.csproj", "{1F5CE9E0-7A35-407E-B082-6D88F2DEA130}"
EndProject
Project("{FAE04EC0-301F-11D3-BF4B-00C04F79EFBC}") = "EjercicioClase5", "EjercicioClase5\EjercicioClase5.csproj", "{2FB98780-206D-455A-A6AA-9BC5570B7BF6}"
EndProject
Project("{FAE04EC0-301F-11D3-BF4B-00C04F79EFBC}") = "PracticaWinForm", "PracticaWinForm\PracticaWinForm.csproj", "{DD80C551-6429-4783-A897-87A778801AE7}"
EndProject
Project("{FAE04EC0-301F-11D3-BF4B-00C04F79EFBC}") = "testWF_Clase08", "testWF_Clase08\testWF_Clase08.csproj", "{85EE61B0-A28E-4790-9964-76ABE268E3AC}"
EndProject
Project("{9A19103F-16F7-4668-BE54-9A1E7A4F7556}") = "EntidadesClase7", "EntidadesClase7\EntidadesClase7.csproj", "{23924DF6-715C-4244-9F28-6D19EEC87A9A}"
EndProject
Project("{FAE04EC0-301F-11D3-BF4B-00C04F79EFBC}") = "practicaFormClase8", "practicaFormClase8\practicaFormClase8.csproj", "{FBEED938-2E09-4B85-B470-27D0FEDF608B}"
EndProject
Project("{9A19103F-16F7-4668-BE54-9A1E7A4F7556}") = "Entidades", "Entidades\Entidades.csproj", "{0F4DCC90-976D-4A7D-949E-07A8D05BC408}"
EndProject
Project("{FAE04EC0-301F-11D3-BF4B-00C04F79EFBC}") = "NuevasEntidades", "NuevasEntidades\NuevasEntidades.csproj", "{3D3004CB-5673-4EA6-9031-6CFFC7AD8964}"
EndProject
Project("{FAE04EC0-301F-11D3-BF4B-00C04F79EFBC}") = "Ejercicio19", "Ejercicio19\Ejercicio19.csproj", "{62BCDC76-ADC1-4E86-B49A-268B533FC831}"
EndProject
Project("{FAE04EC0-301F-11D3-BF4B-00C04F79EFBC}") = "EntidadesPPClase", "EntidadesPPClase\EntidadesPPClase.csproj", "{07C6D647-CBEB-4AA5-A766-A89A745AB363}"
EndProject
Project("{FAE04EC0-301F-11D3-BF4B-00C04F79EFBC}") = "TestPPClase", "TestPPClase\TestPPClase.csproj", "{0F7ADF24-4A4B-439D-91DB-30097FBB3233}"
EndProject
Project("{FAE04EC0-301F-11D3-BF4B-00C04F79EFBC}") = "PracticaExcepciones", "PracticaExcepciones\PracticaExcepciones.csproj", "{9FC87EDB-5F1D-42B2-A3C4-5351F54D6109}"
EndProject
Project("{FAE04EC0-301F-11D3-BF4B-00C04F79EFBC}") = "PPTerminado", "PPTerminado\ConsoleApp1\PPTerminado.csproj", "{4E3D8623-E487-41B0-A4A8-9138777280A9}"
EndProject
Project("{FAE04EC0-301F-11D3-BF4B-00C04F79EFBC}") = "Ejercicio42", "Ejercicio42\Ejercicio42.csproj", "{3BFCC65A-601F-4760-8036-D15B93581D8D}"
EndProject
Project("{FAE04EC0-301F-11D3-BF4B-00C04F79EFBC}") = "EjercicioClase16", "EjercicioClase16\EjercicioClase16.csproj", "{5412511D-9451-4A02-8A20-F67D8123CFFE}"
EndProject
Project("{FAE04EC0-301F-11D3-BF4B-00C04F79EFBC}") = "EntidadesEj16", "EntidadesEj16\EntidadesEj16.csproj", "{86A2F4BF-4087-4794-839F-09A9C9E42489}"
EndProject
Project("{FAE04EC0-301F-11D3-BF4B-00C04F79EFBC}") = "EntidadesCocinas", "EntidadesCocinas\EntidadesCocinas.csproj", "{17120144-1254-4608-89D3-251A8E5A07C5}"
EndProject
Project("{FAE04EC0-301F-11D3-BF4B-00C04F79EFBC}") = "PruebaCocinas", "PruebaCocinas\PruebaCocinas.csproj", "{67419869-EBAE-44D0-973E-1E172529644A}"
EndProject
Project("{FAE04EC0-301F-11D3-BF4B-00C04F79EFBC}") = "PruebaGenericaClase16", "PruebaGenericaClase16\PruebaGenericaClase16.csproj", "{6C65F20D-3BEA-484C-85E2-A73A6C364527}"
EndProject
Global
	GlobalSection(SolutionConfigurationPlatforms) = preSolution
		Debug|Any CPU = Debug|Any CPU
		Release|Any CPU = Release|Any CPU
	EndGlobalSection
	GlobalSection(ProjectConfigurationPlatforms) = postSolution
		{50F9CD12-C65F-465D-82A3-DFC7E235A85F}.Debug|Any CPU.ActiveCfg = Debug|Any CPU
		{50F9CD12-C65F-465D-82A3-DFC7E235A85F}.Debug|Any CPU.Build.0 = Debug|Any CPU
		{50F9CD12-C65F-465D-82A3-DFC7E235A85F}.Release|Any CPU.ActiveCfg = Release|Any CPU
		{50F9CD12-C65F-465D-82A3-DFC7E235A85F}.Release|Any CPU.Build.0 = Release|Any CPU
		{2E940BBD-DD19-4BAB-91B1-40EA36B8C63C}.Debug|Any CPU.ActiveCfg = Debug|Any CPU
		{2E940BBD-DD19-4BAB-91B1-40EA36B8C63C}.Debug|Any CPU.Build.0 = Debug|Any CPU
		{2E940BBD-DD19-4BAB-91B1-40EA36B8C63C}.Release|Any CPU.ActiveCfg = Release|Any CPU
		{2E940BBD-DD19-4BAB-91B1-40EA36B8C63C}.Release|Any CPU.Build.0 = Release|Any CPU
		{E9697DC1-D00E-4299-9169-958683A116AA}.Debug|Any CPU.ActiveCfg = Debug|Any CPU
		{E9697DC1-D00E-4299-9169-958683A116AA}.Debug|Any CPU.Build.0 = Debug|Any CPU
		{E9697DC1-D00E-4299-9169-958683A116AA}.Release|Any CPU.ActiveCfg = Release|Any CPU
		{E9697DC1-D00E-4299-9169-958683A116AA}.Release|Any CPU.Build.0 = Release|Any CPU
		{B6FB5987-79E0-4171-8639-6B2D5D00A122}.Debug|Any CPU.ActiveCfg = Debug|Any CPU
		{B6FB5987-79E0-4171-8639-6B2D5D00A122}.Debug|Any CPU.Build.0 = Debug|Any CPU
		{B6FB5987-79E0-4171-8639-6B2D5D00A122}.Release|Any CPU.ActiveCfg = Release|Any CPU
		{B6FB5987-79E0-4171-8639-6B2D5D00A122}.Release|Any CPU.Build.0 = Release|Any CPU
		{08A8055D-254B-4659-9761-6E3FED41B966}.Debug|Any CPU.ActiveCfg = Debug|Any CPU
		{08A8055D-254B-4659-9761-6E3FED41B966}.Debug|Any CPU.Build.0 = Debug|Any CPU
		{08A8055D-254B-4659-9761-6E3FED41B966}.Release|Any CPU.ActiveCfg = Release|Any CPU
		{08A8055D-254B-4659-9761-6E3FED41B966}.Release|Any CPU.Build.0 = Release|Any CPU
		{A974FE57-FBDF-4690-9A4A-C6A03B5909AB}.Debug|Any CPU.ActiveCfg = Debug|Any CPU
		{A974FE57-FBDF-4690-9A4A-C6A03B5909AB}.Debug|Any CPU.Build.0 = Debug|Any CPU
		{A974FE57-FBDF-4690-9A4A-C6A03B5909AB}.Release|Any CPU.ActiveCfg = Release|Any CPU
		{A974FE57-FBDF-4690-9A4A-C6A03B5909AB}.Release|Any CPU.Build.0 = Release|Any CPU
		{A93BD309-0DB7-4642-AF74-2B249C548CCC}.Debug|Any CPU.ActiveCfg = Debug|Any CPU
		{A93BD309-0DB7-4642-AF74-2B249C548CCC}.Debug|Any CPU.Build.0 = Debug|Any CPU
		{A93BD309-0DB7-4642-AF74-2B249C548CCC}.Release|Any CPU.ActiveCfg = Release|Any CPU
		{A93BD309-0DB7-4642-AF74-2B249C548CCC}.Release|Any CPU.Build.0 = Release|Any CPU
		{A4568C7C-304B-4538-B07C-64EDC58E6519}.Debug|Any CPU.ActiveCfg = Debug|Any CPU
		{A4568C7C-304B-4538-B07C-64EDC58E6519}.Debug|Any CPU.Build.0 = Debug|Any CPU
		{A4568C7C-304B-4538-B07C-64EDC58E6519}.Release|Any CPU.ActiveCfg = Release|Any CPU
		{A4568C7C-304B-4538-B07C-64EDC58E6519}.Release|Any CPU.Build.0 = Release|Any CPU
		{C59DB715-C90B-430A-A2A7-FEBA6242392D}.Debug|Any CPU.ActiveCfg = Debug|Any CPU
		{C59DB715-C90B-430A-A2A7-FEBA6242392D}.Debug|Any CPU.Build.0 = Debug|Any CPU
		{C59DB715-C90B-430A-A2A7-FEBA6242392D}.Release|Any CPU.ActiveCfg = Release|Any CPU
		{C59DB715-C90B-430A-A2A7-FEBA6242392D}.Release|Any CPU.Build.0 = Release|Any CPU
		{FC55EF54-6F87-429B-8678-EB3230F64D48}.Debug|Any CPU.ActiveCfg = Debug|Any CPU
		{FC55EF54-6F87-429B-8678-EB3230F64D48}.Debug|Any CPU.Build.0 = Debug|Any CPU
		{FC55EF54-6F87-429B-8678-EB3230F64D48}.Release|Any CPU.ActiveCfg = Release|Any CPU
		{FC55EF54-6F87-429B-8678-EB3230F64D48}.Release|Any CPU.Build.0 = Release|Any CPU
		{71217C13-6212-4A1A-BF0D-A56374D3322A}.Debug|Any CPU.ActiveCfg = Debug|Any CPU
		{71217C13-6212-4A1A-BF0D-A56374D3322A}.Debug|Any CPU.Build.0 = Debug|Any CPU
		{71217C13-6212-4A1A-BF0D-A56374D3322A}.Release|Any CPU.ActiveCfg = Release|Any CPU
		{71217C13-6212-4A1A-BF0D-A56374D3322A}.Release|Any CPU.Build.0 = Release|Any CPU
		{E57C414C-8E44-4953-AE11-A88167639FE5}.Debug|Any CPU.ActiveCfg = Debug|Any CPU
		{E57C414C-8E44-4953-AE11-A88167639FE5}.Debug|Any CPU.Build.0 = Debug|Any CPU
		{E57C414C-8E44-4953-AE11-A88167639FE5}.Release|Any CPU.ActiveCfg = Release|Any CPU
		{E57C414C-8E44-4953-AE11-A88167639FE5}.Release|Any CPU.Build.0 = Release|Any CPU
		{AA8F6650-B8EC-444B-93F9-7355E8CFB52C}.Debug|Any CPU.ActiveCfg = Debug|Any CPU
		{AA8F6650-B8EC-444B-93F9-7355E8CFB52C}.Debug|Any CPU.Build.0 = Debug|Any CPU
		{AA8F6650-B8EC-444B-93F9-7355E8CFB52C}.Release|Any CPU.ActiveCfg = Release|Any CPU
		{AA8F6650-B8EC-444B-93F9-7355E8CFB52C}.Release|Any CPU.Build.0 = Release|Any CPU
		{1F5CE9E0-7A35-407E-B082-6D88F2DEA130}.Debug|Any CPU.ActiveCfg = Debug|Any CPU
		{1F5CE9E0-7A35-407E-B082-6D88F2DEA130}.Debug|Any CPU.Build.0 = Debug|Any CPU
		{1F5CE9E0-7A35-407E-B082-6D88F2DEA130}.Release|Any CPU.ActiveCfg = Release|Any CPU
		{1F5CE9E0-7A35-407E-B082-6D88F2DEA130}.Release|Any CPU.Build.0 = Release|Any CPU
		{2FB98780-206D-455A-A6AA-9BC5570B7BF6}.Debug|Any CPU.ActiveCfg = Debug|Any CPU
		{2FB98780-206D-455A-A6AA-9BC5570B7BF6}.Debug|Any CPU.Build.0 = Debug|Any CPU
		{2FB98780-206D-455A-A6AA-9BC5570B7BF6}.Release|Any CPU.ActiveCfg = Release|Any CPU
		{2FB98780-206D-455A-A6AA-9BC5570B7BF6}.Release|Any CPU.Build.0 = Release|Any CPU
		{DD80C551-6429-4783-A897-87A778801AE7}.Debug|Any CPU.ActiveCfg = Debug|Any CPU
		{DD80C551-6429-4783-A897-87A778801AE7}.Debug|Any CPU.Build.0 = Debug|Any CPU
		{DD80C551-6429-4783-A897-87A778801AE7}.Release|Any CPU.ActiveCfg = Release|Any CPU
		{DD80C551-6429-4783-A897-87A778801AE7}.Release|Any CPU.Build.0 = Release|Any CPU
		{85EE61B0-A28E-4790-9964-76ABE268E3AC}.Debug|Any CPU.ActiveCfg = Debug|Any CPU
		{85EE61B0-A28E-4790-9964-76ABE268E3AC}.Debug|Any CPU.Build.0 = Debug|Any CPU
		{85EE61B0-A28E-4790-9964-76ABE268E3AC}.Release|Any CPU.ActiveCfg = Release|Any CPU
		{85EE61B0-A28E-4790-9964-76ABE268E3AC}.Release|Any CPU.Build.0 = Release|Any CPU
		{23924DF6-715C-4244-9F28-6D19EEC87A9A}.Debug|Any CPU.ActiveCfg = Debug|Any CPU
		{23924DF6-715C-4244-9F28-6D19EEC87A9A}.Debug|Any CPU.Build.0 = Debug|Any CPU
		{23924DF6-715C-4244-9F28-6D19EEC87A9A}.Release|Any CPU.ActiveCfg = Release|Any CPU
		{23924DF6-715C-4244-9F28-6D19EEC87A9A}.Release|Any CPU.Build.0 = Release|Any CPU
		{FBEED938-2E09-4B85-B470-27D0FEDF608B}.Debug|Any CPU.ActiveCfg = Debug|Any CPU
		{FBEED938-2E09-4B85-B470-27D0FEDF608B}.Debug|Any CPU.Build.0 = Debug|Any CPU
		{FBEED938-2E09-4B85-B470-27D0FEDF608B}.Release|Any CPU.ActiveCfg = Release|Any CPU
		{FBEED938-2E09-4B85-B470-27D0FEDF608B}.Release|Any CPU.Build.0 = Release|Any CPU
		{0F4DCC90-976D-4A7D-949E-07A8D05BC408}.Debug|Any CPU.ActiveCfg = Debug|Any CPU
		{0F4DCC90-976D-4A7D-949E-07A8D05BC408}.Debug|Any CPU.Build.0 = Debug|Any CPU
		{0F4DCC90-976D-4A7D-949E-07A8D05BC408}.Release|Any CPU.ActiveCfg = Release|Any CPU
		{0F4DCC90-976D-4A7D-949E-07A8D05BC408}.Release|Any CPU.Build.0 = Release|Any CPU
		{3D3004CB-5673-4EA6-9031-6CFFC7AD8964}.Debug|Any CPU.ActiveCfg = Debug|Any CPU
		{3D3004CB-5673-4EA6-9031-6CFFC7AD8964}.Debug|Any CPU.Build.0 = Debug|Any CPU
		{3D3004CB-5673-4EA6-9031-6CFFC7AD8964}.Release|Any CPU.ActiveCfg = Release|Any CPU
		{3D3004CB-5673-4EA6-9031-6CFFC7AD8964}.Release|Any CPU.Build.0 = Release|Any CPU
		{62BCDC76-ADC1-4E86-B49A-268B533FC831}.Debug|Any CPU.ActiveCfg = Debug|Any CPU
		{62BCDC76-ADC1-4E86-B49A-268B533FC831}.Debug|Any CPU.Build.0 = Debug|Any CPU
		{62BCDC76-ADC1-4E86-B49A-268B533FC831}.Release|Any CPU.ActiveCfg = Release|Any CPU
		{62BCDC76-ADC1-4E86-B49A-268B533FC831}.Release|Any CPU.Build.0 = Release|Any CPU
		{07C6D647-CBEB-4AA5-A766-A89A745AB363}.Debug|Any CPU.ActiveCfg = Debug|Any CPU
		{07C6D647-CBEB-4AA5-A766-A89A745AB363}.Debug|Any CPU.Build.0 = Debug|Any CPU
		{07C6D647-CBEB-4AA5-A766-A89A745AB363}.Release|Any CPU.ActiveCfg = Release|Any CPU
		{07C6D647-CBEB-4AA5-A766-A89A745AB363}.Release|Any CPU.Build.0 = Release|Any CPU
		{0F7ADF24-4A4B-439D-91DB-30097FBB3233}.Debug|Any CPU.ActiveCfg = Debug|Any CPU
		{0F7ADF24-4A4B-439D-91DB-30097FBB3233}.Debug|Any CPU.Build.0 = Debug|Any CPU
		{0F7ADF24-4A4B-439D-91DB-30097FBB3233}.Release|Any CPU.ActiveCfg = Release|Any CPU
		{0F7ADF24-4A4B-439D-91DB-30097FBB3233}.Release|Any CPU.Build.0 = Release|Any CPU
		{9FC87EDB-5F1D-42B2-A3C4-5351F54D6109}.Debug|Any CPU.ActiveCfg = Debug|Any CPU
		{9FC87EDB-5F1D-42B2-A3C4-5351F54D6109}.Debug|Any CPU.Build.0 = Debug|Any CPU
		{9FC87EDB-5F1D-42B2-A3C4-5351F54D6109}.Release|Any CPU.ActiveCfg = Release|Any CPU
		{9FC87EDB-5F1D-42B2-A3C4-5351F54D6109}.Release|Any CPU.Build.0 = Release|Any CPU
		{4E3D8623-E487-41B0-A4A8-9138777280A9}.Debug|Any CPU.ActiveCfg = Debug|Any CPU
		{4E3D8623-E487-41B0-A4A8-9138777280A9}.Debug|Any CPU.Build.0 = Debug|Any CPU
		{4E3D8623-E487-41B0-A4A8-9138777280A9}.Release|Any CPU.ActiveCfg = Release|Any CPU
		{4E3D8623-E487-41B0-A4A8-9138777280A9}.Release|Any CPU.Build.0 = Release|Any CPU
		{3BFCC65A-601F-4760-8036-D15B93581D8D}.Debug|Any CPU.ActiveCfg = Debug|Any CPU
		{3BFCC65A-601F-4760-8036-D15B93581D8D}.Debug|Any CPU.Build.0 = Debug|Any CPU
		{3BFCC65A-601F-4760-8036-D15B93581D8D}.Release|Any CPU.ActiveCfg = Release|Any CPU
		{3BFCC65A-601F-4760-8036-D15B93581D8D}.Release|Any CPU.Build.0 = Release|Any CPU
		{5412511D-9451-4A02-8A20-F67D8123CFFE}.Debug|Any CPU.ActiveCfg = Debug|Any CPU
		{5412511D-9451-4A02-8A20-F67D8123CFFE}.Debug|Any CPU.Build.0 = Debug|Any CPU
		{5412511D-9451-4A02-8A20-F67D8123CFFE}.Release|Any CPU.ActiveCfg = Release|Any CPU
		{5412511D-9451-4A02-8A20-F67D8123CFFE}.Release|Any CPU.Build.0 = Release|Any CPU
		{86A2F4BF-4087-4794-839F-09A9C9E42489}.Debug|Any CPU.ActiveCfg = Debug|Any CPU
		{86A2F4BF-4087-4794-839F-09A9C9E42489}.Debug|Any CPU.Build.0 = Debug|Any CPU
		{86A2F4BF-4087-4794-839F-09A9C9E42489}.Release|Any CPU.ActiveCfg = Release|Any CPU
		{86A2F4BF-4087-4794-839F-09A9C9E42489}.Release|Any CPU.Build.0 = Release|Any CPU
		{17120144-1254-4608-89D3-251A8E5A07C5}.Debug|Any CPU.ActiveCfg = Debug|Any CPU
		{17120144-1254-4608-89D3-251A8E5A07C5}.Debug|Any CPU.Build.0 = Debug|Any CPU
		{17120144-1254-4608-89D3-251A8E5A07C5}.Release|Any CPU.ActiveCfg = Release|Any CPU
		{17120144-1254-4608-89D3-251A8E5A07C5}.Release|Any CPU.Build.0 = Release|Any CPU
		{67419869-EBAE-44D0-973E-1E172529644A}.Debug|Any CPU.ActiveCfg = Debug|Any CPU
		{67419869-EBAE-44D0-973E-1E172529644A}.Debug|Any CPU.Build.0 = Debug|Any CPU
		{67419869-EBAE-44D0-973E-1E172529644A}.Release|Any CPU.ActiveCfg = Release|Any CPU
		{67419869-EBAE-44D0-973E-1E172529644A}.Release|Any CPU.Build.0 = Release|Any CPU
		{6C65F20D-3BEA-484C-85E2-A73A6C364527}.Debug|Any CPU.ActiveCfg = Debug|Any CPU
		{6C65F20D-3BEA-484C-85E2-A73A6C364527}.Debug|Any CPU.Build.0 = Debug|Any CPU
		{6C65F20D-3BEA-484C-85E2-A73A6C364527}.Release|Any CPU.ActiveCfg = Release|Any CPU
		{6C65F20D-3BEA-484C-85E2-A73A6C364527}.Release|Any CPU.Build.0 = Release|Any CPU
	EndGlobalSection
	GlobalSection(SolutionProperties) = preSolution
		HideSolutionNode = FALSE
	EndGlobalSection
	GlobalSection(ExtensibilityGlobals) = postSolution
		SolutionGuid = {C87B8CF5-68C9-4033-B620-77CD7BBD70B8}
	EndGlobalSection
EndGlobal
