
Microsoft Visual Studio Solution File, Format Version 12.00
# Visual Studio 15
VisualStudioVersion = 15.0.28010.2016
MinimumVisualStudioVersion = 10.0.40219.1
Project("{FAE04EC0-301F-11D3-BF4B-00C04F79EFBC}") = "Ejercicio00", "Ejercicio00\Ejercicio00.csproj", "{50F9CD12-C65F-465D-82A3-DFC7E235A85F}"
EndProject
Project("{FAE04EC0-301F-11D3-BF4B-00C04F79EFBC}") = "Ejercicio01", "Ejercicio01\Ejercicio01.csproj", "{2E940BBD-DD19-4BAB-91B1-40EA36B8C63C}"
EndProject
Project("{FAE04EC0-301F-11D3-BF4B-00C04F79EFBC}") = "Ejercicio02", "Ejercicio02\Ejercicio02.csproj", "{E9697DC1-D00E-4299-9169-958683A116AA}"
EndProject
Project("{FAE04EC0-301F-11D3-BF4B-00C04F79EFBC}") = "Ejercicio03", "Ejercicio03\Ejercicio03.csproj", "{B6FB5987-79E0-4171-8639-6B2D5D00A122}"
EndProject
Project("{FAE04EC0-301F-11D3-BF4B-00C04F79EFBC}") = "Ejercicio04", "Ejercicio04\Ejercicio04.csproj", "{08A8055D-254B-4659-9761-6E3FED41B966}"
EndProject
Project("{FAE04EC0-301F-11D3-BF4B-00C04F79EFBC}") = "Ejercicio05", "Ejercicio05\Ejercicio05.csproj", "{A974FE57-FBDF-4690-9A4A-C6A03B5909AB}"
EndProject
Project("{FAE04EC0-301F-11D3-BF4B-00C04F79EFBC}") = "Ejercicio06", "Ejercicio06\Ejercicio06.csproj", "{A93BD309-0DB7-4642-AF74-2B249C548CCC}"
EndProject
Project("{FAE04EC0-301F-11D3-BF4B-00C04F79EFBC}") = "Ejercicio09", "Ejercicio09\Ejercicio09.csproj", "{A4568C7C-304B-4538-B07C-64EDC58E6519}"
EndProject
Project("{FAE04EC0-301F-11D3-BF4B-00C04F79EFBC}") = "Ejercicio11", "Ejercicio11\Ejercicio11.csproj", "{C59DB715-C90B-430A-A2A7-FEBA6242392D}"
EndProject
Project("{FAE04EC0-301F-11D3-BF4B-00C04F79EFBC}") = "Ejercicio12", "Ejercicio12\Ejercicio12.csproj", "{FC55EF54-6F87-429B-8678-EB3230F64D48}"
EndProject
Project("{FAE04EC0-301F-11D3-BF4B-00C04F79EFBC}") = "Ejercicio14", "Ejercicio14\Ejercicio14.csproj", "{71217C13-6212-4A1A-BF0D-A56374D3322A}"
EndProject
Project("{FAE04EC0-301F-11D3-BF4B-00C04F79EFBC}") = "Ejercicio16", "Ejercicio16\Ejercicio16.csproj", "{E57C414C-8E44-4953-AE11-A88167639FE5}"
EndProject
Project("{FAE04EC0-301F-11D3-BF4B-00C04F79EFBC}") = "TestEstante", "TestEstante\TestEstante.csproj", "{1F5CE9E0-7A35-407E-B082-6D88F2DEA130}"
EndProject
Project("{FAE04EC0-301F-11D3-BF4B-00C04F79EFBC}") = "EjercicioClase5", "EjercicioClase5\EjercicioClase5.csproj", "{2FB98780-206D-455A-A6AA-9BC5570B7BF6}"
EndProject
Project("{FAE04EC0-301F-11D3-BF4B-00C04F79EFBC}") = "PracticaWinForm", "PracticaWinForm\PracticaWinForm.csproj", "{DD80C551-6429-4783-A897-87A778801AE7}"
EndProject
Project("{FAE04EC0-301F-11D3-BF4B-00C04F79EFBC}") = "testWF_Clase08", "testWF_Clase08\testWF_Clase08.csproj", "{85EE61B0-A28E-4790-9964-76ABE268E3AC}"
EndProject
Project("{FAE04EC0-301F-11D3-BF4B-00C04F79EFBC}") = "practicaFormClase8", "practicaFormClase8\practicaFormClase8.csproj", "{FBEED938-2E09-4B85-B470-27D0FEDF608B}"
EndProject
Project("{FAE04EC0-301F-11D3-BF4B-00C04F79EFBC}") = "NuevasEntidades", "NuevasEntidades\NuevasEntidades.csproj", "{3D3004CB-5673-4EA6-9031-6CFFC7AD8964}"
EndProject
Project("{FAE04EC0-301F-11D3-BF4B-00C04F79EFBC}") = "Ejercicio19", "Ejercicio19\Ejercicio19.csproj", "{62BCDC76-ADC1-4E86-B49A-268B533FC831}"
EndProject
Project("{FAE04EC0-301F-11D3-BF4B-00C04F79EFBC}") = "EntidadesPPClase", "EntidadesPPClase\EntidadesPPClase.csproj", "{07C6D647-CBEB-4AA5-A766-A89A745AB363}"
EndProject
Project("{FAE04EC0-301F-11D3-BF4B-00C04F79EFBC}") = "TestPPClase", "TestPPClase\TestPPClase.csproj", "{0F7ADF24-4A4B-439D-91DB-30097FBB3233}"
EndProject
Project("{FAE04EC0-301F-11D3-BF4B-00C04F79EFBC}") = "PracticaExcepciones", "PracticaExcepciones\PracticaExcepciones.csproj", "{9FC87EDB-5F1D-42B2-A3C4-5351F54D6109}"
EndProject
Project("{FAE04EC0-301F-11D3-BF4B-00C04F79EFBC}") = "PPTerminado", "PPTerminado\ConsoleApp1\PPTerminado.csproj", "{4E3D8623-E487-41B0-A4A8-9138777280A9}"
EndProject
Project("{FAE04EC0-301F-11D3-BF4B-00C04F79EFBC}") = "Ejercicio42", "Ejercicio42\Ejercicio42.csproj", "{3BFCC65A-601F-4760-8036-D15B93581D8D}"
EndProject
Project("{FAE04EC0-301F-11D3-BF4B-00C04F79EFBC}") = "EjercicioClase16", "EjercicioClase16\EjercicioClase16.csproj", "{5412511D-9451-4A02-8A20-F67D8123CFFE}"
EndProject
Project("{FAE04EC0-301F-11D3-BF4B-00C04F79EFBC}") = "EntidadesEj16", "EntidadesEj16\EntidadesEj16.csproj", "{86A2F4BF-4087-4794-839F-09A9C9E42489}"
EndProject
Project("{FAE04EC0-301F-11D3-BF4B-00C04F79EFBC}") = "EntidadesCocinas", "EntidadesCocinas\EntidadesCocinas.csproj", "{17120144-1254-4608-89D3-251A8E5A07C5}"
EndProject
Project("{FAE04EC0-301F-11D3-BF4B-00C04F79EFBC}") = "PruebaCocinas", "PruebaCocinas\PruebaCocinas.csproj", "{67419869-EBAE-44D0-973E-1E172529644A}"
EndProject
Project("{FAE04EC0-301F-11D3-BF4B-00C04F79EFBC}") = "EjercicioInterfaces", "EjercicioInterfaces\EjercicioInterfaces.csproj", "{52218101-C328-47E7-8F94-787263C5A390}"
EndProject
Project("{FAE04EC0-301F-11D3-BF4B-00C04F79EFBC}") = "TestEjercicioInterfaces", "TestEjercicioInterfaces\TestEjercicioInterfaces.csproj", "{5EA4139C-D11F-4867-9303-48CDB675E1D6}"
EndProject
Project("{FAE04EC0-301F-11D3-BF4B-00C04F79EFBC}") = "EntidadesCarreraAnimales", "EntidadesCarreraAnimales\EntidadesCarreraAnimales.csproj", "{912A5EB2-8461-484C-B7FB-4AF458350204}"
EndProject
Project("{FAE04EC0-301F-11D3-BF4B-00C04F79EFBC}") = "TestCarreraAnimales", "TestCarreraAnimales\TestCarreraAnimales.csproj", "{DB77AFEF-0F93-4F6C-A901-9438D8F3245B}"
EndProject
Project("{9A19103F-16F7-4668-BE54-9A1E7A4F7556}") = "EjercicioSello", "EjercicioSello\EjercicioSello.csproj", "{D7C07617-1479-4B0E-A557-5DD8F9F63772}"
EndProject
Project("{9A19103F-16F7-4668-BE54-9A1E7A4F7556}") = "EntidadesTempera", "Entidades\EntidadesTempera.csproj", "{184B1015-0E52-478D-9D4C-530480CCFAE1}"
EndProject
Project("{9A19103F-16F7-4668-BE54-9A1E7A4F7556}") = "EntidadesClase7", "EntidadesClase7\EntidadesClase7.csproj", "{9F502B8D-EE0A-41D6-997A-EDF71540E468}"
EndProject
Project("{9A19103F-16F7-4668-BE54-9A1E7A4F7556}") = "TestGenericaClase16", "TestGenericaClase16\TestGenericaClase16.csproj", "{72BD7290-F249-484E-9C6A-99909DCF3293}"
EndProject
Project("{FAE04EC0-301F-11D3-BF4B-00C04F79EFBC}") = "EntidadesMascotas", "EntidadesMascotas\EntidadesMascotas.csproj", "{A083BFB3-958B-4C30-A46A-1383341C3D7B}"
EndProject
Project("{FAE04EC0-301F-11D3-BF4B-00C04F79EFBC}") = "TestPPMascotas", "TestPPMascotas\TestPPMascotas.csproj", "{2CC2E578-1C1B-46A2-BB50-7BD009794E63}"
EndProject
Project("{FAE04EC0-301F-11D3-BF4B-00C04F79EFBC}") = "Ejercicio26", "Ejercicio26\Ejercicio26.csproj", "{7B58F74F-0534-4EDE-8A84-2139A773BAEC}"
EndProject
Project("{FAE04EC0-301F-11D3-BF4B-00C04F79EFBC}") = "Ejercicio28v1", "Ejercicio28v1\Ejercicio28v1.csproj", "{A2997DA5-A9CF-48C7-8793-960723277B34}"
EndProject
Project("{FAE04EC0-301F-11D3-BF4B-00C04F79EFBC}") = "PracticaString", "PracticaString\PracticaString.csproj", "{F826D33B-502F-4674-911B-64C8326310A5}"
EndProject
Project("{FAE04EC0-301F-11D3-BF4B-00C04F79EFBC}") = "Ejercicio38", "Ejercicio38\Ejercicio38.csproj", "{54103ED0-2D7A-4C8F-A183-2E012F341C93}"
EndProject
Project("{FAE04EC0-301F-11D3-BF4B-00C04F79EFBC}") = "Ejercicio39", "Ejercicio39\Ejercicio39.csproj", "{506F6D72-272E-4E2B-93E9-81931B066DC8}"
EndProject
Project("{FAE04EC0-301F-11D3-BF4B-00C04F79EFBC}") = "Archivos", "Archivos\Archivos.csproj", "{5C188E7C-BC74-413E-B835-4920C684FB07}"
EndProject
Project("{2150E333-8FDC-42A3-9474-1A3956D46DE8}") = "GuiaDeEjercicios", "GuiaDeEjercicios", "{F2B587D6-B6C6-474B-AB9B-D98B69338EE7}"
EndProject
Project("{2150E333-8FDC-42A3-9474-1A3956D46DE8}") = "Entidades", "Entidades", "{A64043F7-4DBA-44F1-B090-E96876CF5EA9}"
EndProject
Project("{2150E333-8FDC-42A3-9474-1A3956D46DE8}") = "Test", "Test", "{D0B83480-E252-4625-AAA6-841813F7280B}"
EndProject
Project("{FAE04EC0-301F-11D3-BF4B-00C04F79EFBC}") = "RPP", "E:\Lovento.Nicolas.2A\RPP.csproj", "{EC7C8181-A8D0-4AC8-B6A3-E392DD83B046}"
EndProject
Project("{FAE04EC0-301F-11D3-BF4B-00C04F79EFBC}") = "Entidades.rpp", "E:\Entidades.rpp\Entidades.rpp.csproj", "{9723BEB9-BF6A-4FF3-B0E7-1B01EF6F368A}"
EndProject
Project("{FAE04EC0-301F-11D3-BF4B-00C04F79EFBC}") = "PracticaProd", "PracticaProd\PracticaProd.csproj", "{26E0A925-F00B-4A92-A85C-A6ABEF879DDA}"
EndProject
Project("{FAE04EC0-301F-11D3-BF4B-00C04F79EFBC}") = "PruebaSql", "ConsoleApp1\PruebaSql.csproj", "{163671CD-A480-4CAD-B0B7-F9C34821F38C}"
EndProject
Project("{FAE04EC0-301F-11D3-BF4B-00C04F79EFBC}") = "EntidadesTelevisores", "EntidadesTelevisores\EntidadesTelevisores.csproj", "{12B2F318-2EE8-44A0-B9A0-A51F6206D6BE}"
EndProject
Project("{FAE04EC0-301F-11D3-BF4B-00C04F79EFBC}") = "PruebaSqlCompleto", "PruebaSqlCompleto\PruebaSqlCompleto.csproj", "{9E7FC630-5743-4E62-9C21-72F278AEF86D}"
EndProject
Project("{FAE04EC0-301F-11D3-BF4B-00C04F79EFBC}") = "practicaXml", "practicaXml\practicaXml.csproj", "{834833C8-0856-4AB1-86D5-F483E6702005}"
EndProject
Project("{FAE04EC0-301F-11D3-BF4B-00C04F79EFBC}") = "PracticaXml.cs", "PracticaXml.cs\PracticaXml.cs.csproj", "{DC13781E-606F-4323-9347-0DF25DCEE10A}"
EndProject
Project("{FAE04EC0-301F-11D3-BF4B-00C04F79EFBC}") = "PracicaArchivos.cs", "PracicaArchivos.cs\PracicaArchivos.cs.csproj", "{933DE542-8B46-4B18-9C51-22377874E359}"
EndProject
Global
	GlobalSection(SolutionConfigurationPlatforms) = preSolution
		Debug|Any CPU = Debug|Any CPU
		Debug|x86 = Debug|x86
		Release|Any CPU = Release|Any CPU
		Release|x86 = Release|x86
	EndGlobalSection
	GlobalSection(ProjectConfigurationPlatforms) = postSolution
		{50F9CD12-C65F-465D-82A3-DFC7E235A85F}.Debug|Any CPU.ActiveCfg = Debug|Any CPU
		{50F9CD12-C65F-465D-82A3-DFC7E235A85F}.Debug|Any CPU.Build.0 = Debug|Any CPU
		{50F9CD12-C65F-465D-82A3-DFC7E235A85F}.Debug|x86.ActiveCfg = Debug|Any CPU
		{50F9CD12-C65F-465D-82A3-DFC7E235A85F}.Debug|x86.Build.0 = Debug|Any CPU
		{50F9CD12-C65F-465D-82A3-DFC7E235A85F}.Release|Any CPU.ActiveCfg = Release|Any CPU
		{50F9CD12-C65F-465D-82A3-DFC7E235A85F}.Release|Any CPU.Build.0 = Release|Any CPU
		{50F9CD12-C65F-465D-82A3-DFC7E235A85F}.Release|x86.ActiveCfg = Release|Any CPU
		{50F9CD12-C65F-465D-82A3-DFC7E235A85F}.Release|x86.Build.0 = Release|Any CPU
		{2E940BBD-DD19-4BAB-91B1-40EA36B8C63C}.Debug|Any CPU.ActiveCfg = Debug|Any CPU
		{2E940BBD-DD19-4BAB-91B1-40EA36B8C63C}.Debug|Any CPU.Build.0 = Debug|Any CPU
		{2E940BBD-DD19-4BAB-91B1-40EA36B8C63C}.Debug|x86.ActiveCfg = Debug|Any CPU
		{2E940BBD-DD19-4BAB-91B1-40EA36B8C63C}.Debug|x86.Build.0 = Debug|Any CPU
		{2E940BBD-DD19-4BAB-91B1-40EA36B8C63C}.Release|Any CPU.ActiveCfg = Release|Any CPU
		{2E940BBD-DD19-4BAB-91B1-40EA36B8C63C}.Release|Any CPU.Build.0 = Release|Any CPU
		{2E940BBD-DD19-4BAB-91B1-40EA36B8C63C}.Release|x86.ActiveCfg = Release|Any CPU
		{2E940BBD-DD19-4BAB-91B1-40EA36B8C63C}.Release|x86.Build.0 = Release|Any CPU
		{E9697DC1-D00E-4299-9169-958683A116AA}.Debug|Any CPU.ActiveCfg = Debug|Any CPU
		{E9697DC1-D00E-4299-9169-958683A116AA}.Debug|Any CPU.Build.0 = Debug|Any CPU
		{E9697DC1-D00E-4299-9169-958683A116AA}.Debug|x86.ActiveCfg = Debug|Any CPU
		{E9697DC1-D00E-4299-9169-958683A116AA}.Debug|x86.Build.0 = Debug|Any CPU
		{E9697DC1-D00E-4299-9169-958683A116AA}.Release|Any CPU.ActiveCfg = Release|Any CPU
		{E9697DC1-D00E-4299-9169-958683A116AA}.Release|Any CPU.Build.0 = Release|Any CPU
		{E9697DC1-D00E-4299-9169-958683A116AA}.Release|x86.ActiveCfg = Release|Any CPU
		{E9697DC1-D00E-4299-9169-958683A116AA}.Release|x86.Build.0 = Release|Any CPU
		{B6FB5987-79E0-4171-8639-6B2D5D00A122}.Debug|Any CPU.ActiveCfg = Debug|Any CPU
		{B6FB5987-79E0-4171-8639-6B2D5D00A122}.Debug|Any CPU.Build.0 = Debug|Any CPU
		{B6FB5987-79E0-4171-8639-6B2D5D00A122}.Debug|x86.ActiveCfg = Debug|Any CPU
		{B6FB5987-79E0-4171-8639-6B2D5D00A122}.Debug|x86.Build.0 = Debug|Any CPU
		{B6FB5987-79E0-4171-8639-6B2D5D00A122}.Release|Any CPU.ActiveCfg = Release|Any CPU
		{B6FB5987-79E0-4171-8639-6B2D5D00A122}.Release|Any CPU.Build.0 = Release|Any CPU
		{B6FB5987-79E0-4171-8639-6B2D5D00A122}.Release|x86.ActiveCfg = Release|Any CPU
		{B6FB5987-79E0-4171-8639-6B2D5D00A122}.Release|x86.Build.0 = Release|Any CPU
		{08A8055D-254B-4659-9761-6E3FED41B966}.Debug|Any CPU.ActiveCfg = Debug|Any CPU
		{08A8055D-254B-4659-9761-6E3FED41B966}.Debug|Any CPU.Build.0 = Debug|Any CPU
		{08A8055D-254B-4659-9761-6E3FED41B966}.Debug|x86.ActiveCfg = Debug|Any CPU
		{08A8055D-254B-4659-9761-6E3FED41B966}.Debug|x86.Build.0 = Debug|Any CPU
		{08A8055D-254B-4659-9761-6E3FED41B966}.Release|Any CPU.ActiveCfg = Release|Any CPU
		{08A8055D-254B-4659-9761-6E3FED41B966}.Release|Any CPU.Build.0 = Release|Any CPU
		{08A8055D-254B-4659-9761-6E3FED41B966}.Release|x86.ActiveCfg = Release|Any CPU
		{08A8055D-254B-4659-9761-6E3FED41B966}.Release|x86.Build.0 = Release|Any CPU
		{A974FE57-FBDF-4690-9A4A-C6A03B5909AB}.Debug|Any CPU.ActiveCfg = Debug|Any CPU
		{A974FE57-FBDF-4690-9A4A-C6A03B5909AB}.Debug|Any CPU.Build.0 = Debug|Any CPU
		{A974FE57-FBDF-4690-9A4A-C6A03B5909AB}.Debug|x86.ActiveCfg = Debug|Any CPU
		{A974FE57-FBDF-4690-9A4A-C6A03B5909AB}.Debug|x86.Build.0 = Debug|Any CPU
		{A974FE57-FBDF-4690-9A4A-C6A03B5909AB}.Release|Any CPU.ActiveCfg = Release|Any CPU
		{A974FE57-FBDF-4690-9A4A-C6A03B5909AB}.Release|Any CPU.Build.0 = Release|Any CPU
		{A974FE57-FBDF-4690-9A4A-C6A03B5909AB}.Release|x86.ActiveCfg = Release|Any CPU
		{A974FE57-FBDF-4690-9A4A-C6A03B5909AB}.Release|x86.Build.0 = Release|Any CPU
		{A93BD309-0DB7-4642-AF74-2B249C548CCC}.Debug|Any CPU.ActiveCfg = Debug|Any CPU
		{A93BD309-0DB7-4642-AF74-2B249C548CCC}.Debug|Any CPU.Build.0 = Debug|Any CPU
		{A93BD309-0DB7-4642-AF74-2B249C548CCC}.Debug|x86.ActiveCfg = Debug|Any CPU
		{A93BD309-0DB7-4642-AF74-2B249C548CCC}.Debug|x86.Build.0 = Debug|Any CPU
		{A93BD309-0DB7-4642-AF74-2B249C548CCC}.Release|Any CPU.ActiveCfg = Release|Any CPU
		{A93BD309-0DB7-4642-AF74-2B249C548CCC}.Release|Any CPU.Build.0 = Release|Any CPU
		{A93BD309-0DB7-4642-AF74-2B249C548CCC}.Release|x86.ActiveCfg = Release|Any CPU
		{A93BD309-0DB7-4642-AF74-2B249C548CCC}.Release|x86.Build.0 = Release|Any CPU
		{A4568C7C-304B-4538-B07C-64EDC58E6519}.Debug|Any CPU.ActiveCfg = Debug|Any CPU
		{A4568C7C-304B-4538-B07C-64EDC58E6519}.Debug|Any CPU.Build.0 = Debug|Any CPU
		{A4568C7C-304B-4538-B07C-64EDC58E6519}.Debug|x86.ActiveCfg = Debug|Any CPU
		{A4568C7C-304B-4538-B07C-64EDC58E6519}.Debug|x86.Build.0 = Debug|Any CPU
		{A4568C7C-304B-4538-B07C-64EDC58E6519}.Release|Any CPU.ActiveCfg = Release|Any CPU
		{A4568C7C-304B-4538-B07C-64EDC58E6519}.Release|Any CPU.Build.0 = Release|Any CPU
		{A4568C7C-304B-4538-B07C-64EDC58E6519}.Release|x86.ActiveCfg = Release|Any CPU
		{A4568C7C-304B-4538-B07C-64EDC58E6519}.Release|x86.Build.0 = Release|Any CPU
		{C59DB715-C90B-430A-A2A7-FEBA6242392D}.Debug|Any CPU.ActiveCfg = Debug|Any CPU
		{C59DB715-C90B-430A-A2A7-FEBA6242392D}.Debug|Any CPU.Build.0 = Debug|Any CPU
		{C59DB715-C90B-430A-A2A7-FEBA6242392D}.Debug|x86.ActiveCfg = Debug|Any CPU
		{C59DB715-C90B-430A-A2A7-FEBA6242392D}.Debug|x86.Build.0 = Debug|Any CPU
		{C59DB715-C90B-430A-A2A7-FEBA6242392D}.Release|Any CPU.ActiveCfg = Release|Any CPU
		{C59DB715-C90B-430A-A2A7-FEBA6242392D}.Release|Any CPU.Build.0 = Release|Any CPU
		{C59DB715-C90B-430A-A2A7-FEBA6242392D}.Release|x86.ActiveCfg = Release|Any CPU
		{C59DB715-C90B-430A-A2A7-FEBA6242392D}.Release|x86.Build.0 = Release|Any CPU
		{FC55EF54-6F87-429B-8678-EB3230F64D48}.Debug|Any CPU.ActiveCfg = Debug|Any CPU
		{FC55EF54-6F87-429B-8678-EB3230F64D48}.Debug|Any CPU.Build.0 = Debug|Any CPU
		{FC55EF54-6F87-429B-8678-EB3230F64D48}.Debug|x86.ActiveCfg = Debug|Any CPU
		{FC55EF54-6F87-429B-8678-EB3230F64D48}.Debug|x86.Build.0 = Debug|Any CPU
		{FC55EF54-6F87-429B-8678-EB3230F64D48}.Release|Any CPU.ActiveCfg = Release|Any CPU
		{FC55EF54-6F87-429B-8678-EB3230F64D48}.Release|Any CPU.Build.0 = Release|Any CPU
		{FC55EF54-6F87-429B-8678-EB3230F64D48}.Release|x86.ActiveCfg = Release|Any CPU
		{FC55EF54-6F87-429B-8678-EB3230F64D48}.Release|x86.Build.0 = Release|Any CPU
		{71217C13-6212-4A1A-BF0D-A56374D3322A}.Debug|Any CPU.ActiveCfg = Debug|Any CPU
		{71217C13-6212-4A1A-BF0D-A56374D3322A}.Debug|Any CPU.Build.0 = Debug|Any CPU
		{71217C13-6212-4A1A-BF0D-A56374D3322A}.Debug|x86.ActiveCfg = Debug|Any CPU
		{71217C13-6212-4A1A-BF0D-A56374D3322A}.Debug|x86.Build.0 = Debug|Any CPU
		{71217C13-6212-4A1A-BF0D-A56374D3322A}.Release|Any CPU.ActiveCfg = Release|Any CPU
		{71217C13-6212-4A1A-BF0D-A56374D3322A}.Release|Any CPU.Build.0 = Release|Any CPU
		{71217C13-6212-4A1A-BF0D-A56374D3322A}.Release|x86.ActiveCfg = Release|Any CPU
		{71217C13-6212-4A1A-BF0D-A56374D3322A}.Release|x86.Build.0 = Release|Any CPU
		{E57C414C-8E44-4953-AE11-A88167639FE5}.Debug|Any CPU.ActiveCfg = Debug|Any CPU
		{E57C414C-8E44-4953-AE11-A88167639FE5}.Debug|Any CPU.Build.0 = Debug|Any CPU
		{E57C414C-8E44-4953-AE11-A88167639FE5}.Debug|x86.ActiveCfg = Debug|Any CPU
		{E57C414C-8E44-4953-AE11-A88167639FE5}.Debug|x86.Build.0 = Debug|Any CPU
		{E57C414C-8E44-4953-AE11-A88167639FE5}.Release|Any CPU.ActiveCfg = Release|Any CPU
		{E57C414C-8E44-4953-AE11-A88167639FE5}.Release|Any CPU.Build.0 = Release|Any CPU
		{E57C414C-8E44-4953-AE11-A88167639FE5}.Release|x86.ActiveCfg = Release|Any CPU
		{E57C414C-8E44-4953-AE11-A88167639FE5}.Release|x86.Build.0 = Release|Any CPU
		{1F5CE9E0-7A35-407E-B082-6D88F2DEA130}.Debug|Any CPU.ActiveCfg = Debug|Any CPU
		{1F5CE9E0-7A35-407E-B082-6D88F2DEA130}.Debug|Any CPU.Build.0 = Debug|Any CPU
		{1F5CE9E0-7A35-407E-B082-6D88F2DEA130}.Debug|x86.ActiveCfg = Debug|Any CPU
		{1F5CE9E0-7A35-407E-B082-6D88F2DEA130}.Debug|x86.Build.0 = Debug|Any CPU
		{1F5CE9E0-7A35-407E-B082-6D88F2DEA130}.Release|Any CPU.ActiveCfg = Release|Any CPU
		{1F5CE9E0-7A35-407E-B082-6D88F2DEA130}.Release|Any CPU.Build.0 = Release|Any CPU
		{1F5CE9E0-7A35-407E-B082-6D88F2DEA130}.Release|x86.ActiveCfg = Release|Any CPU
		{1F5CE9E0-7A35-407E-B082-6D88F2DEA130}.Release|x86.Build.0 = Release|Any CPU
		{2FB98780-206D-455A-A6AA-9BC5570B7BF6}.Debug|Any CPU.ActiveCfg = Debug|Any CPU
		{2FB98780-206D-455A-A6AA-9BC5570B7BF6}.Debug|Any CPU.Build.0 = Debug|Any CPU
		{2FB98780-206D-455A-A6AA-9BC5570B7BF6}.Debug|x86.ActiveCfg = Debug|Any CPU
		{2FB98780-206D-455A-A6AA-9BC5570B7BF6}.Debug|x86.Build.0 = Debug|Any CPU
		{2FB98780-206D-455A-A6AA-9BC5570B7BF6}.Release|Any CPU.ActiveCfg = Release|Any CPU
		{2FB98780-206D-455A-A6AA-9BC5570B7BF6}.Release|Any CPU.Build.0 = Release|Any CPU
		{2FB98780-206D-455A-A6AA-9BC5570B7BF6}.Release|x86.ActiveCfg = Release|Any CPU
		{2FB98780-206D-455A-A6AA-9BC5570B7BF6}.Release|x86.Build.0 = Release|Any CPU
		{DD80C551-6429-4783-A897-87A778801AE7}.Debug|Any CPU.ActiveCfg = Debug|Any CPU
		{DD80C551-6429-4783-A897-87A778801AE7}.Debug|Any CPU.Build.0 = Debug|Any CPU
		{DD80C551-6429-4783-A897-87A778801AE7}.Debug|x86.ActiveCfg = Debug|Any CPU
		{DD80C551-6429-4783-A897-87A778801AE7}.Debug|x86.Build.0 = Debug|Any CPU
		{DD80C551-6429-4783-A897-87A778801AE7}.Release|Any CPU.ActiveCfg = Release|Any CPU
		{DD80C551-6429-4783-A897-87A778801AE7}.Release|Any CPU.Build.0 = Release|Any CPU
		{DD80C551-6429-4783-A897-87A778801AE7}.Release|x86.ActiveCfg = Release|Any CPU
		{DD80C551-6429-4783-A897-87A778801AE7}.Release|x86.Build.0 = Release|Any CPU
		{85EE61B0-A28E-4790-9964-76ABE268E3AC}.Debug|Any CPU.ActiveCfg = Debug|Any CPU
		{85EE61B0-A28E-4790-9964-76ABE268E3AC}.Debug|Any CPU.Build.0 = Debug|Any CPU
		{85EE61B0-A28E-4790-9964-76ABE268E3AC}.Debug|x86.ActiveCfg = Debug|Any CPU
		{85EE61B0-A28E-4790-9964-76ABE268E3AC}.Debug|x86.Build.0 = Debug|Any CPU
		{85EE61B0-A28E-4790-9964-76ABE268E3AC}.Release|Any CPU.ActiveCfg = Release|Any CPU
		{85EE61B0-A28E-4790-9964-76ABE268E3AC}.Release|Any CPU.Build.0 = Release|Any CPU
		{85EE61B0-A28E-4790-9964-76ABE268E3AC}.Release|x86.ActiveCfg = Release|Any CPU
		{85EE61B0-A28E-4790-9964-76ABE268E3AC}.Release|x86.Build.0 = Release|Any CPU
		{FBEED938-2E09-4B85-B470-27D0FEDF608B}.Debug|Any CPU.ActiveCfg = Debug|Any CPU
		{FBEED938-2E09-4B85-B470-27D0FEDF608B}.Debug|Any CPU.Build.0 = Debug|Any CPU
		{FBEED938-2E09-4B85-B470-27D0FEDF608B}.Debug|x86.ActiveCfg = Debug|Any CPU
		{FBEED938-2E09-4B85-B470-27D0FEDF608B}.Debug|x86.Build.0 = Debug|Any CPU
		{FBEED938-2E09-4B85-B470-27D0FEDF608B}.Release|Any CPU.ActiveCfg = Release|Any CPU
		{FBEED938-2E09-4B85-B470-27D0FEDF608B}.Release|Any CPU.Build.0 = Release|Any CPU
		{FBEED938-2E09-4B85-B470-27D0FEDF608B}.Release|x86.ActiveCfg = Release|Any CPU
		{FBEED938-2E09-4B85-B470-27D0FEDF608B}.Release|x86.Build.0 = Release|Any CPU
		{3D3004CB-5673-4EA6-9031-6CFFC7AD8964}.Debug|Any CPU.ActiveCfg = Debug|Any CPU
		{3D3004CB-5673-4EA6-9031-6CFFC7AD8964}.Debug|Any CPU.Build.0 = Debug|Any CPU
		{3D3004CB-5673-4EA6-9031-6CFFC7AD8964}.Debug|x86.ActiveCfg = Debug|Any CPU
		{3D3004CB-5673-4EA6-9031-6CFFC7AD8964}.Debug|x86.Build.0 = Debug|Any CPU
		{3D3004CB-5673-4EA6-9031-6CFFC7AD8964}.Release|Any CPU.ActiveCfg = Release|Any CPU
		{3D3004CB-5673-4EA6-9031-6CFFC7AD8964}.Release|Any CPU.Build.0 = Release|Any CPU
		{3D3004CB-5673-4EA6-9031-6CFFC7AD8964}.Release|x86.ActiveCfg = Release|Any CPU
		{3D3004CB-5673-4EA6-9031-6CFFC7AD8964}.Release|x86.Build.0 = Release|Any CPU
		{62BCDC76-ADC1-4E86-B49A-268B533FC831}.Debug|Any CPU.ActiveCfg = Debug|Any CPU
		{62BCDC76-ADC1-4E86-B49A-268B533FC831}.Debug|Any CPU.Build.0 = Debug|Any CPU
		{62BCDC76-ADC1-4E86-B49A-268B533FC831}.Debug|x86.ActiveCfg = Debug|Any CPU
		{62BCDC76-ADC1-4E86-B49A-268B533FC831}.Debug|x86.Build.0 = Debug|Any CPU
		{62BCDC76-ADC1-4E86-B49A-268B533FC831}.Release|Any CPU.ActiveCfg = Release|Any CPU
		{62BCDC76-ADC1-4E86-B49A-268B533FC831}.Release|Any CPU.Build.0 = Release|Any CPU
		{62BCDC76-ADC1-4E86-B49A-268B533FC831}.Release|x86.ActiveCfg = Release|Any CPU
		{62BCDC76-ADC1-4E86-B49A-268B533FC831}.Release|x86.Build.0 = Release|Any CPU
		{07C6D647-CBEB-4AA5-A766-A89A745AB363}.Debug|Any CPU.ActiveCfg = Debug|Any CPU
		{07C6D647-CBEB-4AA5-A766-A89A745AB363}.Debug|Any CPU.Build.0 = Debug|Any CPU
		{07C6D647-CBEB-4AA5-A766-A89A745AB363}.Debug|x86.ActiveCfg = Debug|Any CPU
		{07C6D647-CBEB-4AA5-A766-A89A745AB363}.Debug|x86.Build.0 = Debug|Any CPU
		{07C6D647-CBEB-4AA5-A766-A89A745AB363}.Release|Any CPU.ActiveCfg = Release|Any CPU
		{07C6D647-CBEB-4AA5-A766-A89A745AB363}.Release|Any CPU.Build.0 = Release|Any CPU
		{07C6D647-CBEB-4AA5-A766-A89A745AB363}.Release|x86.ActiveCfg = Release|Any CPU
		{07C6D647-CBEB-4AA5-A766-A89A745AB363}.Release|x86.Build.0 = Release|Any CPU
		{0F7ADF24-4A4B-439D-91DB-30097FBB3233}.Debug|Any CPU.ActiveCfg = Debug|Any CPU
		{0F7ADF24-4A4B-439D-91DB-30097FBB3233}.Debug|Any CPU.Build.0 = Debug|Any CPU
		{0F7ADF24-4A4B-439D-91DB-30097FBB3233}.Debug|x86.ActiveCfg = Debug|Any CPU
		{0F7ADF24-4A4B-439D-91DB-30097FBB3233}.Debug|x86.Build.0 = Debug|Any CPU
		{0F7ADF24-4A4B-439D-91DB-30097FBB3233}.Release|Any CPU.ActiveCfg = Release|Any CPU
		{0F7ADF24-4A4B-439D-91DB-30097FBB3233}.Release|Any CPU.Build.0 = Release|Any CPU
		{0F7ADF24-4A4B-439D-91DB-30097FBB3233}.Release|x86.ActiveCfg = Release|Any CPU
		{0F7ADF24-4A4B-439D-91DB-30097FBB3233}.Release|x86.Build.0 = Release|Any CPU
		{9FC87EDB-5F1D-42B2-A3C4-5351F54D6109}.Debug|Any CPU.ActiveCfg = Debug|Any CPU
		{9FC87EDB-5F1D-42B2-A3C4-5351F54D6109}.Debug|Any CPU.Build.0 = Debug|Any CPU
		{9FC87EDB-5F1D-42B2-A3C4-5351F54D6109}.Debug|x86.ActiveCfg = Debug|Any CPU
		{9FC87EDB-5F1D-42B2-A3C4-5351F54D6109}.Debug|x86.Build.0 = Debug|Any CPU
		{9FC87EDB-5F1D-42B2-A3C4-5351F54D6109}.Release|Any CPU.ActiveCfg = Release|Any CPU
		{9FC87EDB-5F1D-42B2-A3C4-5351F54D6109}.Release|Any CPU.Build.0 = Release|Any CPU
		{9FC87EDB-5F1D-42B2-A3C4-5351F54D6109}.Release|x86.ActiveCfg = Release|Any CPU
		{9FC87EDB-5F1D-42B2-A3C4-5351F54D6109}.Release|x86.Build.0 = Release|Any CPU
		{4E3D8623-E487-41B0-A4A8-9138777280A9}.Debug|Any CPU.ActiveCfg = Debug|Any CPU
		{4E3D8623-E487-41B0-A4A8-9138777280A9}.Debug|Any CPU.Build.0 = Debug|Any CPU
		{4E3D8623-E487-41B0-A4A8-9138777280A9}.Debug|x86.ActiveCfg = Debug|Any CPU
		{4E3D8623-E487-41B0-A4A8-9138777280A9}.Debug|x86.Build.0 = Debug|Any CPU
		{4E3D8623-E487-41B0-A4A8-9138777280A9}.Release|Any CPU.ActiveCfg = Release|Any CPU
		{4E3D8623-E487-41B0-A4A8-9138777280A9}.Release|Any CPU.Build.0 = Release|Any CPU
		{4E3D8623-E487-41B0-A4A8-9138777280A9}.Release|x86.ActiveCfg = Release|Any CPU
		{4E3D8623-E487-41B0-A4A8-9138777280A9}.Release|x86.Build.0 = Release|Any CPU
		{3BFCC65A-601F-4760-8036-D15B93581D8D}.Debug|Any CPU.ActiveCfg = Debug|Any CPU
		{3BFCC65A-601F-4760-8036-D15B93581D8D}.Debug|Any CPU.Build.0 = Debug|Any CPU
		{3BFCC65A-601F-4760-8036-D15B93581D8D}.Debug|x86.ActiveCfg = Debug|Any CPU
		{3BFCC65A-601F-4760-8036-D15B93581D8D}.Debug|x86.Build.0 = Debug|Any CPU
		{3BFCC65A-601F-4760-8036-D15B93581D8D}.Release|Any CPU.ActiveCfg = Release|Any CPU
		{3BFCC65A-601F-4760-8036-D15B93581D8D}.Release|Any CPU.Build.0 = Release|Any CPU
		{3BFCC65A-601F-4760-8036-D15B93581D8D}.Release|x86.ActiveCfg = Release|Any CPU
		{3BFCC65A-601F-4760-8036-D15B93581D8D}.Release|x86.Build.0 = Release|Any CPU
		{5412511D-9451-4A02-8A20-F67D8123CFFE}.Debug|Any CPU.ActiveCfg = Debug|Any CPU
		{5412511D-9451-4A02-8A20-F67D8123CFFE}.Debug|Any CPU.Build.0 = Debug|Any CPU
		{5412511D-9451-4A02-8A20-F67D8123CFFE}.Debug|x86.ActiveCfg = Debug|Any CPU
		{5412511D-9451-4A02-8A20-F67D8123CFFE}.Debug|x86.Build.0 = Debug|Any CPU
		{5412511D-9451-4A02-8A20-F67D8123CFFE}.Release|Any CPU.ActiveCfg = Release|Any CPU
		{5412511D-9451-4A02-8A20-F67D8123CFFE}.Release|Any CPU.Build.0 = Release|Any CPU
		{5412511D-9451-4A02-8A20-F67D8123CFFE}.Release|x86.ActiveCfg = Release|Any CPU
		{5412511D-9451-4A02-8A20-F67D8123CFFE}.Release|x86.Build.0 = Release|Any CPU
		{86A2F4BF-4087-4794-839F-09A9C9E42489}.Debug|Any CPU.ActiveCfg = Debug|Any CPU
		{86A2F4BF-4087-4794-839F-09A9C9E42489}.Debug|Any CPU.Build.0 = Debug|Any CPU
		{86A2F4BF-4087-4794-839F-09A9C9E42489}.Debug|x86.ActiveCfg = Debug|Any CPU
		{86A2F4BF-4087-4794-839F-09A9C9E42489}.Debug|x86.Build.0 = Debug|Any CPU
		{86A2F4BF-4087-4794-839F-09A9C9E42489}.Release|Any CPU.ActiveCfg = Release|Any CPU
		{86A2F4BF-4087-4794-839F-09A9C9E42489}.Release|Any CPU.Build.0 = Release|Any CPU
		{86A2F4BF-4087-4794-839F-09A9C9E42489}.Release|x86.ActiveCfg = Release|Any CPU
		{86A2F4BF-4087-4794-839F-09A9C9E42489}.Release|x86.Build.0 = Release|Any CPU
		{17120144-1254-4608-89D3-251A8E5A07C5}.Debug|Any CPU.ActiveCfg = Debug|Any CPU
		{17120144-1254-4608-89D3-251A8E5A07C5}.Debug|Any CPU.Build.0 = Debug|Any CPU
		{17120144-1254-4608-89D3-251A8E5A07C5}.Debug|x86.ActiveCfg = Debug|Any CPU
		{17120144-1254-4608-89D3-251A8E5A07C5}.Debug|x86.Build.0 = Debug|Any CPU
		{17120144-1254-4608-89D3-251A8E5A07C5}.Release|Any CPU.ActiveCfg = Release|Any CPU
		{17120144-1254-4608-89D3-251A8E5A07C5}.Release|Any CPU.Build.0 = Release|Any CPU
		{17120144-1254-4608-89D3-251A8E5A07C5}.Release|x86.ActiveCfg = Release|Any CPU
		{17120144-1254-4608-89D3-251A8E5A07C5}.Release|x86.Build.0 = Release|Any CPU
		{67419869-EBAE-44D0-973E-1E172529644A}.Debug|Any CPU.ActiveCfg = Debug|Any CPU
		{67419869-EBAE-44D0-973E-1E172529644A}.Debug|Any CPU.Build.0 = Debug|Any CPU
		{67419869-EBAE-44D0-973E-1E172529644A}.Debug|x86.ActiveCfg = Debug|Any CPU
		{67419869-EBAE-44D0-973E-1E172529644A}.Debug|x86.Build.0 = Debug|Any CPU
		{67419869-EBAE-44D0-973E-1E172529644A}.Release|Any CPU.ActiveCfg = Release|Any CPU
		{67419869-EBAE-44D0-973E-1E172529644A}.Release|Any CPU.Build.0 = Release|Any CPU
		{67419869-EBAE-44D0-973E-1E172529644A}.Release|x86.ActiveCfg = Release|Any CPU
		{67419869-EBAE-44D0-973E-1E172529644A}.Release|x86.Build.0 = Release|Any CPU
		{52218101-C328-47E7-8F94-787263C5A390}.Debug|Any CPU.ActiveCfg = Debug|Any CPU
		{52218101-C328-47E7-8F94-787263C5A390}.Debug|Any CPU.Build.0 = Debug|Any CPU
		{52218101-C328-47E7-8F94-787263C5A390}.Debug|x86.ActiveCfg = Debug|Any CPU
		{52218101-C328-47E7-8F94-787263C5A390}.Debug|x86.Build.0 = Debug|Any CPU
		{52218101-C328-47E7-8F94-787263C5A390}.Release|Any CPU.ActiveCfg = Release|Any CPU
		{52218101-C328-47E7-8F94-787263C5A390}.Release|Any CPU.Build.0 = Release|Any CPU
		{52218101-C328-47E7-8F94-787263C5A390}.Release|x86.ActiveCfg = Release|Any CPU
		{52218101-C328-47E7-8F94-787263C5A390}.Release|x86.Build.0 = Release|Any CPU
		{5EA4139C-D11F-4867-9303-48CDB675E1D6}.Debug|Any CPU.ActiveCfg = Debug|Any CPU
		{5EA4139C-D11F-4867-9303-48CDB675E1D6}.Debug|Any CPU.Build.0 = Debug|Any CPU
		{5EA4139C-D11F-4867-9303-48CDB675E1D6}.Debug|x86.ActiveCfg = Debug|Any CPU
		{5EA4139C-D11F-4867-9303-48CDB675E1D6}.Debug|x86.Build.0 = Debug|Any CPU
		{5EA4139C-D11F-4867-9303-48CDB675E1D6}.Release|Any CPU.ActiveCfg = Release|Any CPU
		{5EA4139C-D11F-4867-9303-48CDB675E1D6}.Release|Any CPU.Build.0 = Release|Any CPU
		{5EA4139C-D11F-4867-9303-48CDB675E1D6}.Release|x86.ActiveCfg = Release|Any CPU
		{5EA4139C-D11F-4867-9303-48CDB675E1D6}.Release|x86.Build.0 = Release|Any CPU
		{912A5EB2-8461-484C-B7FB-4AF458350204}.Debug|Any CPU.ActiveCfg = Debug|Any CPU
		{912A5EB2-8461-484C-B7FB-4AF458350204}.Debug|Any CPU.Build.0 = Debug|Any CPU
		{912A5EB2-8461-484C-B7FB-4AF458350204}.Debug|x86.ActiveCfg = Debug|Any CPU
		{912A5EB2-8461-484C-B7FB-4AF458350204}.Debug|x86.Build.0 = Debug|Any CPU
		{912A5EB2-8461-484C-B7FB-4AF458350204}.Release|Any CPU.ActiveCfg = Release|Any CPU
		{912A5EB2-8461-484C-B7FB-4AF458350204}.Release|Any CPU.Build.0 = Release|Any CPU
		{912A5EB2-8461-484C-B7FB-4AF458350204}.Release|x86.ActiveCfg = Release|Any CPU
		{912A5EB2-8461-484C-B7FB-4AF458350204}.Release|x86.Build.0 = Release|Any CPU
		{DB77AFEF-0F93-4F6C-A901-9438D8F3245B}.Debug|Any CPU.ActiveCfg = Debug|Any CPU
		{DB77AFEF-0F93-4F6C-A901-9438D8F3245B}.Debug|Any CPU.Build.0 = Debug|Any CPU
		{DB77AFEF-0F93-4F6C-A901-9438D8F3245B}.Debug|x86.ActiveCfg = Debug|Any CPU
		{DB77AFEF-0F93-4F6C-A901-9438D8F3245B}.Debug|x86.Build.0 = Debug|Any CPU
		{DB77AFEF-0F93-4F6C-A901-9438D8F3245B}.Release|Any CPU.ActiveCfg = Release|Any CPU
		{DB77AFEF-0F93-4F6C-A901-9438D8F3245B}.Release|Any CPU.Build.0 = Release|Any CPU
		{DB77AFEF-0F93-4F6C-A901-9438D8F3245B}.Release|x86.ActiveCfg = Release|Any CPU
		{DB77AFEF-0F93-4F6C-A901-9438D8F3245B}.Release|x86.Build.0 = Release|Any CPU
		{D7C07617-1479-4B0E-A557-5DD8F9F63772}.Debug|Any CPU.ActiveCfg = Debug|Any CPU
		{D7C07617-1479-4B0E-A557-5DD8F9F63772}.Debug|Any CPU.Build.0 = Debug|Any CPU
		{D7C07617-1479-4B0E-A557-5DD8F9F63772}.Debug|x86.ActiveCfg = Debug|Any CPU
		{D7C07617-1479-4B0E-A557-5DD8F9F63772}.Debug|x86.Build.0 = Debug|Any CPU
		{D7C07617-1479-4B0E-A557-5DD8F9F63772}.Release|Any CPU.ActiveCfg = Release|Any CPU
		{D7C07617-1479-4B0E-A557-5DD8F9F63772}.Release|Any CPU.Build.0 = Release|Any CPU
		{D7C07617-1479-4B0E-A557-5DD8F9F63772}.Release|x86.ActiveCfg = Release|Any CPU
		{D7C07617-1479-4B0E-A557-5DD8F9F63772}.Release|x86.Build.0 = Release|Any CPU
		{184B1015-0E52-478D-9D4C-530480CCFAE1}.Debug|Any CPU.ActiveCfg = Debug|Any CPU
		{184B1015-0E52-478D-9D4C-530480CCFAE1}.Debug|Any CPU.Build.0 = Debug|Any CPU
		{184B1015-0E52-478D-9D4C-530480CCFAE1}.Debug|x86.ActiveCfg = Debug|Any CPU
		{184B1015-0E52-478D-9D4C-530480CCFAE1}.Debug|x86.Build.0 = Debug|Any CPU
		{184B1015-0E52-478D-9D4C-530480CCFAE1}.Release|Any CPU.ActiveCfg = Release|Any CPU
		{184B1015-0E52-478D-9D4C-530480CCFAE1}.Release|Any CPU.Build.0 = Release|Any CPU
		{184B1015-0E52-478D-9D4C-530480CCFAE1}.Release|x86.ActiveCfg = Release|Any CPU
		{184B1015-0E52-478D-9D4C-530480CCFAE1}.Release|x86.Build.0 = Release|Any CPU
		{9F502B8D-EE0A-41D6-997A-EDF71540E468}.Debug|Any CPU.ActiveCfg = Debug|Any CPU
		{9F502B8D-EE0A-41D6-997A-EDF71540E468}.Debug|Any CPU.Build.0 = Debug|Any CPU
		{9F502B8D-EE0A-41D6-997A-EDF71540E468}.Debug|x86.ActiveCfg = Debug|Any CPU
		{9F502B8D-EE0A-41D6-997A-EDF71540E468}.Debug|x86.Build.0 = Debug|Any CPU
		{9F502B8D-EE0A-41D6-997A-EDF71540E468}.Release|Any CPU.ActiveCfg = Release|Any CPU
		{9F502B8D-EE0A-41D6-997A-EDF71540E468}.Release|Any CPU.Build.0 = Release|Any CPU
		{9F502B8D-EE0A-41D6-997A-EDF71540E468}.Release|x86.ActiveCfg = Release|Any CPU
		{9F502B8D-EE0A-41D6-997A-EDF71540E468}.Release|x86.Build.0 = Release|Any CPU
		{72BD7290-F249-484E-9C6A-99909DCF3293}.Debug|Any CPU.ActiveCfg = Debug|Any CPU
		{72BD7290-F249-484E-9C6A-99909DCF3293}.Debug|Any CPU.Build.0 = Debug|Any CPU
		{72BD7290-F249-484E-9C6A-99909DCF3293}.Debug|x86.ActiveCfg = Debug|Any CPU
		{72BD7290-F249-484E-9C6A-99909DCF3293}.Debug|x86.Build.0 = Debug|Any CPU
		{72BD7290-F249-484E-9C6A-99909DCF3293}.Release|Any CPU.ActiveCfg = Release|Any CPU
		{72BD7290-F249-484E-9C6A-99909DCF3293}.Release|Any CPU.Build.0 = Release|Any CPU
		{72BD7290-F249-484E-9C6A-99909DCF3293}.Release|x86.ActiveCfg = Release|Any CPU
		{72BD7290-F249-484E-9C6A-99909DCF3293}.Release|x86.Build.0 = Release|Any CPU
		{A083BFB3-958B-4C30-A46A-1383341C3D7B}.Debug|Any CPU.ActiveCfg = Debug|Any CPU
		{A083BFB3-958B-4C30-A46A-1383341C3D7B}.Debug|Any CPU.Build.0 = Debug|Any CPU
		{A083BFB3-958B-4C30-A46A-1383341C3D7B}.Debug|x86.ActiveCfg = Debug|Any CPU
		{A083BFB3-958B-4C30-A46A-1383341C3D7B}.Debug|x86.Build.0 = Debug|Any CPU
		{A083BFB3-958B-4C30-A46A-1383341C3D7B}.Release|Any CPU.ActiveCfg = Release|Any CPU
		{A083BFB3-958B-4C30-A46A-1383341C3D7B}.Release|Any CPU.Build.0 = Release|Any CPU
		{A083BFB3-958B-4C30-A46A-1383341C3D7B}.Release|x86.ActiveCfg = Release|Any CPU
		{A083BFB3-958B-4C30-A46A-1383341C3D7B}.Release|x86.Build.0 = Release|Any CPU
		{2CC2E578-1C1B-46A2-BB50-7BD009794E63}.Debug|Any CPU.ActiveCfg = Debug|Any CPU
		{2CC2E578-1C1B-46A2-BB50-7BD009794E63}.Debug|Any CPU.Build.0 = Debug|Any CPU
		{2CC2E578-1C1B-46A2-BB50-7BD009794E63}.Debug|x86.ActiveCfg = Debug|Any CPU
		{2CC2E578-1C1B-46A2-BB50-7BD009794E63}.Debug|x86.Build.0 = Debug|Any CPU
		{2CC2E578-1C1B-46A2-BB50-7BD009794E63}.Release|Any CPU.ActiveCfg = Release|Any CPU
		{2CC2E578-1C1B-46A2-BB50-7BD009794E63}.Release|Any CPU.Build.0 = Release|Any CPU
		{2CC2E578-1C1B-46A2-BB50-7BD009794E63}.Release|x86.ActiveCfg = Release|Any CPU
		{2CC2E578-1C1B-46A2-BB50-7BD009794E63}.Release|x86.Build.0 = Release|Any CPU
		{7B58F74F-0534-4EDE-8A84-2139A773BAEC}.Debug|Any CPU.ActiveCfg = Debug|Any CPU
		{7B58F74F-0534-4EDE-8A84-2139A773BAEC}.Debug|Any CPU.Build.0 = Debug|Any CPU
		{7B58F74F-0534-4EDE-8A84-2139A773BAEC}.Debug|x86.ActiveCfg = Debug|Any CPU
		{7B58F74F-0534-4EDE-8A84-2139A773BAEC}.Debug|x86.Build.0 = Debug|Any CPU
		{7B58F74F-0534-4EDE-8A84-2139A773BAEC}.Release|Any CPU.ActiveCfg = Release|Any CPU
		{7B58F74F-0534-4EDE-8A84-2139A773BAEC}.Release|Any CPU.Build.0 = Release|Any CPU
		{7B58F74F-0534-4EDE-8A84-2139A773BAEC}.Release|x86.ActiveCfg = Release|Any CPU
		{7B58F74F-0534-4EDE-8A84-2139A773BAEC}.Release|x86.Build.0 = Release|Any CPU
		{A2997DA5-A9CF-48C7-8793-960723277B34}.Debug|Any CPU.ActiveCfg = Debug|Any CPU
		{A2997DA5-A9CF-48C7-8793-960723277B34}.Debug|Any CPU.Build.0 = Debug|Any CPU
		{A2997DA5-A9CF-48C7-8793-960723277B34}.Debug|x86.ActiveCfg = Debug|Any CPU
		{A2997DA5-A9CF-48C7-8793-960723277B34}.Debug|x86.Build.0 = Debug|Any CPU
		{A2997DA5-A9CF-48C7-8793-960723277B34}.Release|Any CPU.ActiveCfg = Release|Any CPU
		{A2997DA5-A9CF-48C7-8793-960723277B34}.Release|Any CPU.Build.0 = Release|Any CPU
		{A2997DA5-A9CF-48C7-8793-960723277B34}.Release|x86.ActiveCfg = Release|Any CPU
		{A2997DA5-A9CF-48C7-8793-960723277B34}.Release|x86.Build.0 = Release|Any CPU
		{F826D33B-502F-4674-911B-64C8326310A5}.Debug|Any CPU.ActiveCfg = Debug|Any CPU
		{F826D33B-502F-4674-911B-64C8326310A5}.Debug|Any CPU.Build.0 = Debug|Any CPU
		{F826D33B-502F-4674-911B-64C8326310A5}.Debug|x86.ActiveCfg = Debug|Any CPU
		{F826D33B-502F-4674-911B-64C8326310A5}.Debug|x86.Build.0 = Debug|Any CPU
		{F826D33B-502F-4674-911B-64C8326310A5}.Release|Any CPU.ActiveCfg = Release|Any CPU
		{F826D33B-502F-4674-911B-64C8326310A5}.Release|Any CPU.Build.0 = Release|Any CPU
		{F826D33B-502F-4674-911B-64C8326310A5}.Release|x86.ActiveCfg = Release|Any CPU
		{F826D33B-502F-4674-911B-64C8326310A5}.Release|x86.Build.0 = Release|Any CPU
		{54103ED0-2D7A-4C8F-A183-2E012F341C93}.Debug|Any CPU.ActiveCfg = Debug|Any CPU
		{54103ED0-2D7A-4C8F-A183-2E012F341C93}.Debug|Any CPU.Build.0 = Debug|Any CPU
		{54103ED0-2D7A-4C8F-A183-2E012F341C93}.Debug|x86.ActiveCfg = Debug|Any CPU
		{54103ED0-2D7A-4C8F-A183-2E012F341C93}.Debug|x86.Build.0 = Debug|Any CPU
		{54103ED0-2D7A-4C8F-A183-2E012F341C93}.Release|Any CPU.ActiveCfg = Release|Any CPU
		{54103ED0-2D7A-4C8F-A183-2E012F341C93}.Release|Any CPU.Build.0 = Release|Any CPU
		{54103ED0-2D7A-4C8F-A183-2E012F341C93}.Release|x86.ActiveCfg = Release|Any CPU
		{54103ED0-2D7A-4C8F-A183-2E012F341C93}.Release|x86.Build.0 = Release|Any CPU
		{506F6D72-272E-4E2B-93E9-81931B066DC8}.Debug|Any CPU.ActiveCfg = Debug|Any CPU
		{506F6D72-272E-4E2B-93E9-81931B066DC8}.Debug|Any CPU.Build.0 = Debug|Any CPU
		{506F6D72-272E-4E2B-93E9-81931B066DC8}.Debug|x86.ActiveCfg = Debug|Any CPU
		{506F6D72-272E-4E2B-93E9-81931B066DC8}.Debug|x86.Build.0 = Debug|Any CPU
		{506F6D72-272E-4E2B-93E9-81931B066DC8}.Release|Any CPU.ActiveCfg = Release|Any CPU
		{506F6D72-272E-4E2B-93E9-81931B066DC8}.Release|Any CPU.Build.0 = Release|Any CPU
		{506F6D72-272E-4E2B-93E9-81931B066DC8}.Release|x86.ActiveCfg = Release|Any CPU
		{506F6D72-272E-4E2B-93E9-81931B066DC8}.Release|x86.Build.0 = Release|Any CPU
		{5C188E7C-BC74-413E-B835-4920C684FB07}.Debug|Any CPU.ActiveCfg = Debug|Any CPU
		{5C188E7C-BC74-413E-B835-4920C684FB07}.Debug|Any CPU.Build.0 = Debug|Any CPU
		{5C188E7C-BC74-413E-B835-4920C684FB07}.Debug|x86.ActiveCfg = Debug|Any CPU
		{5C188E7C-BC74-413E-B835-4920C684FB07}.Debug|x86.Build.0 = Debug|Any CPU
		{5C188E7C-BC74-413E-B835-4920C684FB07}.Release|Any CPU.ActiveCfg = Release|Any CPU
		{5C188E7C-BC74-413E-B835-4920C684FB07}.Release|Any CPU.Build.0 = Release|Any CPU
		{5C188E7C-BC74-413E-B835-4920C684FB07}.Release|x86.ActiveCfg = Release|Any CPU
		{5C188E7C-BC74-413E-B835-4920C684FB07}.Release|x86.Build.0 = Release|Any CPU
		{EC7C8181-A8D0-4AC8-B6A3-E392DD83B046}.Debug|Any CPU.ActiveCfg = Debug|x86
		{EC7C8181-A8D0-4AC8-B6A3-E392DD83B046}.Debug|x86.ActiveCfg = Debug|x86
		{EC7C8181-A8D0-4AC8-B6A3-E392DD83B046}.Debug|x86.Build.0 = Debug|x86
		{EC7C8181-A8D0-4AC8-B6A3-E392DD83B046}.Release|Any CPU.ActiveCfg = Release|x86
		{EC7C8181-A8D0-4AC8-B6A3-E392DD83B046}.Release|x86.ActiveCfg = Release|x86
		{EC7C8181-A8D0-4AC8-B6A3-E392DD83B046}.Release|x86.Build.0 = Release|x86
		{9723BEB9-BF6A-4FF3-B0E7-1B01EF6F368A}.Debug|Any CPU.ActiveCfg = Debug|Any CPU
		{9723BEB9-BF6A-4FF3-B0E7-1B01EF6F368A}.Debug|Any CPU.Build.0 = Debug|Any CPU
		{9723BEB9-BF6A-4FF3-B0E7-1B01EF6F368A}.Debug|x86.ActiveCfg = Debug|Any CPU
		{9723BEB9-BF6A-4FF3-B0E7-1B01EF6F368A}.Debug|x86.Build.0 = Debug|Any CPU
		{9723BEB9-BF6A-4FF3-B0E7-1B01EF6F368A}.Release|Any CPU.ActiveCfg = Release|Any CPU
		{9723BEB9-BF6A-4FF3-B0E7-1B01EF6F368A}.Release|Any CPU.Build.0 = Release|Any CPU
		{9723BEB9-BF6A-4FF3-B0E7-1B01EF6F368A}.Release|x86.ActiveCfg = Release|Any CPU
		{9723BEB9-BF6A-4FF3-B0E7-1B01EF6F368A}.Release|x86.Build.0 = Release|Any CPU
		{26E0A925-F00B-4A92-A85C-A6ABEF879DDA}.Debug|Any CPU.ActiveCfg = Debug|Any CPU
		{26E0A925-F00B-4A92-A85C-A6ABEF879DDA}.Debug|Any CPU.Build.0 = Debug|Any CPU
		{26E0A925-F00B-4A92-A85C-A6ABEF879DDA}.Debug|x86.ActiveCfg = Debug|Any CPU
		{26E0A925-F00B-4A92-A85C-A6ABEF879DDA}.Debug|x86.Build.0 = Debug|Any CPU
		{26E0A925-F00B-4A92-A85C-A6ABEF879DDA}.Release|Any CPU.ActiveCfg = Release|Any CPU
		{26E0A925-F00B-4A92-A85C-A6ABEF879DDA}.Release|Any CPU.Build.0 = Release|Any CPU
		{26E0A925-F00B-4A92-A85C-A6ABEF879DDA}.Release|x86.ActiveCfg = Release|Any CPU
		{26E0A925-F00B-4A92-A85C-A6ABEF879DDA}.Release|x86.Build.0 = Release|Any CPU
		{163671CD-A480-4CAD-B0B7-F9C34821F38C}.Debug|Any CPU.ActiveCfg = Debug|Any CPU
		{163671CD-A480-4CAD-B0B7-F9C34821F38C}.Debug|Any CPU.Build.0 = Debug|Any CPU
		{163671CD-A480-4CAD-B0B7-F9C34821F38C}.Debug|x86.ActiveCfg = Debug|Any CPU
		{163671CD-A480-4CAD-B0B7-F9C34821F38C}.Debug|x86.Build.0 = Debug|Any CPU
		{163671CD-A480-4CAD-B0B7-F9C34821F38C}.Release|Any CPU.ActiveCfg = Release|Any CPU
		{163671CD-A480-4CAD-B0B7-F9C34821F38C}.Release|Any CPU.Build.0 = Release|Any CPU
		{163671CD-A480-4CAD-B0B7-F9C34821F38C}.Release|x86.ActiveCfg = Release|Any CPU
		{163671CD-A480-4CAD-B0B7-F9C34821F38C}.Release|x86.Build.0 = Release|Any CPU
		{12B2F318-2EE8-44A0-B9A0-A51F6206D6BE}.Debug|Any CPU.ActiveCfg = Debug|Any CPU
		{12B2F318-2EE8-44A0-B9A0-A51F6206D6BE}.Debug|Any CPU.Build.0 = Debug|Any CPU
		{12B2F318-2EE8-44A0-B9A0-A51F6206D6BE}.Debug|x86.ActiveCfg = Debug|Any CPU
		{12B2F318-2EE8-44A0-B9A0-A51F6206D6BE}.Debug|x86.Build.0 = Debug|Any CPU
		{12B2F318-2EE8-44A0-B9A0-A51F6206D6BE}.Release|Any CPU.ActiveCfg = Release|Any CPU
		{12B2F318-2EE8-44A0-B9A0-A51F6206D6BE}.Release|Any CPU.Build.0 = Release|Any CPU
		{12B2F318-2EE8-44A0-B9A0-A51F6206D6BE}.Release|x86.ActiveCfg = Release|Any CPU
		{12B2F318-2EE8-44A0-B9A0-A51F6206D6BE}.Release|x86.Build.0 = Release|Any CPU
		{9E7FC630-5743-4E62-9C21-72F278AEF86D}.Debug|Any CPU.ActiveCfg = Debug|Any CPU
		{9E7FC630-5743-4E62-9C21-72F278AEF86D}.Debug|Any CPU.Build.0 = Debug|Any CPU
		{9E7FC630-5743-4E62-9C21-72F278AEF86D}.Debug|x86.ActiveCfg = Debug|Any CPU
		{9E7FC630-5743-4E62-9C21-72F278AEF86D}.Debug|x86.Build.0 = Debug|Any CPU
		{9E7FC630-5743-4E62-9C21-72F278AEF86D}.Release|Any CPU.ActiveCfg = Release|Any CPU
		{9E7FC630-5743-4E62-9C21-72F278AEF86D}.Release|Any CPU.Build.0 = Release|Any CPU
		{9E7FC630-5743-4E62-9C21-72F278AEF86D}.Release|x86.ActiveCfg = Release|Any CPU
		{9E7FC630-5743-4E62-9C21-72F278AEF86D}.Release|x86.Build.0 = Release|Any CPU
		{834833C8-0856-4AB1-86D5-F483E6702005}.Debug|Any CPU.ActiveCfg = Debug|Any CPU
		{834833C8-0856-4AB1-86D5-F483E6702005}.Debug|Any CPU.Build.0 = Debug|Any CPU
		{834833C8-0856-4AB1-86D5-F483E6702005}.Debug|x86.ActiveCfg = Debug|Any CPU
		{834833C8-0856-4AB1-86D5-F483E6702005}.Debug|x86.Build.0 = Debug|Any CPU
		{834833C8-0856-4AB1-86D5-F483E6702005}.Release|Any CPU.ActiveCfg = Release|Any CPU
		{834833C8-0856-4AB1-86D5-F483E6702005}.Release|Any CPU.Build.0 = Release|Any CPU
		{834833C8-0856-4AB1-86D5-F483E6702005}.Release|x86.ActiveCfg = Release|Any CPU
		{834833C8-0856-4AB1-86D5-F483E6702005}.Release|x86.Build.0 = Release|Any CPU
		{DC13781E-606F-4323-9347-0DF25DCEE10A}.Debug|Any CPU.ActiveCfg = Debug|Any CPU
		{DC13781E-606F-4323-9347-0DF25DCEE10A}.Debug|Any CPU.Build.0 = Debug|Any CPU
		{DC13781E-606F-4323-9347-0DF25DCEE10A}.Debug|x86.ActiveCfg = Debug|Any CPU
		{DC13781E-606F-4323-9347-0DF25DCEE10A}.Debug|x86.Build.0 = Debug|Any CPU
		{DC13781E-606F-4323-9347-0DF25DCEE10A}.Release|Any CPU.ActiveCfg = Release|Any CPU
		{DC13781E-606F-4323-9347-0DF25DCEE10A}.Release|Any CPU.Build.0 = Release|Any CPU
		{DC13781E-606F-4323-9347-0DF25DCEE10A}.Release|x86.ActiveCfg = Release|Any CPU
		{DC13781E-606F-4323-9347-0DF25DCEE10A}.Release|x86.Build.0 = Release|Any CPU
		{933DE542-8B46-4B18-9C51-22377874E359}.Debug|Any CPU.ActiveCfg = Debug|Any CPU
		{933DE542-8B46-4B18-9C51-22377874E359}.Debug|Any CPU.Build.0 = Debug|Any CPU
		{933DE542-8B46-4B18-9C51-22377874E359}.Debug|x86.ActiveCfg = Debug|Any CPU
		{933DE542-8B46-4B18-9C51-22377874E359}.Debug|x86.Build.0 = Debug|Any CPU
		{933DE542-8B46-4B18-9C51-22377874E359}.Release|Any CPU.ActiveCfg = Release|Any CPU
		{933DE542-8B46-4B18-9C51-22377874E359}.Release|Any CPU.Build.0 = Release|Any CPU
		{933DE542-8B46-4B18-9C51-22377874E359}.Release|x86.ActiveCfg = Release|Any CPU
		{933DE542-8B46-4B18-9C51-22377874E359}.Release|x86.Build.0 = Release|Any CPU
	EndGlobalSection
	GlobalSection(SolutionProperties) = preSolution
		HideSolutionNode = FALSE
	EndGlobalSection
	GlobalSection(NestedProjects) = preSolution
		{50F9CD12-C65F-465D-82A3-DFC7E235A85F} = {F2B587D6-B6C6-474B-AB9B-D98B69338EE7}
		{2E940BBD-DD19-4BAB-91B1-40EA36B8C63C} = {F2B587D6-B6C6-474B-AB9B-D98B69338EE7}
		{E9697DC1-D00E-4299-9169-958683A116AA} = {F2B587D6-B6C6-474B-AB9B-D98B69338EE7}
		{B6FB5987-79E0-4171-8639-6B2D5D00A122} = {F2B587D6-B6C6-474B-AB9B-D98B69338EE7}
		{08A8055D-254B-4659-9761-6E3FED41B966} = {F2B587D6-B6C6-474B-AB9B-D98B69338EE7}
		{A974FE57-FBDF-4690-9A4A-C6A03B5909AB} = {F2B587D6-B6C6-474B-AB9B-D98B69338EE7}
		{A93BD309-0DB7-4642-AF74-2B249C548CCC} = {F2B587D6-B6C6-474B-AB9B-D98B69338EE7}
		{A4568C7C-304B-4538-B07C-64EDC58E6519} = {F2B587D6-B6C6-474B-AB9B-D98B69338EE7}
		{C59DB715-C90B-430A-A2A7-FEBA6242392D} = {F2B587D6-B6C6-474B-AB9B-D98B69338EE7}
		{FC55EF54-6F87-429B-8678-EB3230F64D48} = {F2B587D6-B6C6-474B-AB9B-D98B69338EE7}
		{71217C13-6212-4A1A-BF0D-A56374D3322A} = {F2B587D6-B6C6-474B-AB9B-D98B69338EE7}
		{E57C414C-8E44-4953-AE11-A88167639FE5} = {F2B587D6-B6C6-474B-AB9B-D98B69338EE7}
		{1F5CE9E0-7A35-407E-B082-6D88F2DEA130} = {D0B83480-E252-4625-AAA6-841813F7280B}
		{2FB98780-206D-455A-A6AA-9BC5570B7BF6} = {D0B83480-E252-4625-AAA6-841813F7280B}
		{DD80C551-6429-4783-A897-87A778801AE7} = {D0B83480-E252-4625-AAA6-841813F7280B}
		{85EE61B0-A28E-4790-9964-76ABE268E3AC} = {D0B83480-E252-4625-AAA6-841813F7280B}
		{FBEED938-2E09-4B85-B470-27D0FEDF608B} = {D0B83480-E252-4625-AAA6-841813F7280B}
		{3D3004CB-5673-4EA6-9031-6CFFC7AD8964} = {A64043F7-4DBA-44F1-B090-E96876CF5EA9}
		{62BCDC76-ADC1-4E86-B49A-268B533FC831} = {F2B587D6-B6C6-474B-AB9B-D98B69338EE7}
		{07C6D647-CBEB-4AA5-A766-A89A745AB363} = {A64043F7-4DBA-44F1-B090-E96876CF5EA9}
		{0F7ADF24-4A4B-439D-91DB-30097FBB3233} = {D0B83480-E252-4625-AAA6-841813F7280B}
		{9FC87EDB-5F1D-42B2-A3C4-5351F54D6109} = {D0B83480-E252-4625-AAA6-841813F7280B}
		{4E3D8623-E487-41B0-A4A8-9138777280A9} = {D0B83480-E252-4625-AAA6-841813F7280B}
		{3BFCC65A-601F-4760-8036-D15B93581D8D} = {F2B587D6-B6C6-474B-AB9B-D98B69338EE7}
		{5412511D-9451-4A02-8A20-F67D8123CFFE} = {D0B83480-E252-4625-AAA6-841813F7280B}
		{86A2F4BF-4087-4794-839F-09A9C9E42489} = {A64043F7-4DBA-44F1-B090-E96876CF5EA9}
		{17120144-1254-4608-89D3-251A8E5A07C5} = {A64043F7-4DBA-44F1-B090-E96876CF5EA9}
		{67419869-EBAE-44D0-973E-1E172529644A} = {D0B83480-E252-4625-AAA6-841813F7280B}
		{52218101-C328-47E7-8F94-787263C5A390} = {D0B83480-E252-4625-AAA6-841813F7280B}
		{5EA4139C-D11F-4867-9303-48CDB675E1D6} = {D0B83480-E252-4625-AAA6-841813F7280B}
		{912A5EB2-8461-484C-B7FB-4AF458350204} = {A64043F7-4DBA-44F1-B090-E96876CF5EA9}
		{DB77AFEF-0F93-4F6C-A901-9438D8F3245B} = {D0B83480-E252-4625-AAA6-841813F7280B}
		{D7C07617-1479-4B0E-A557-5DD8F9F63772} = {A64043F7-4DBA-44F1-B090-E96876CF5EA9}
		{184B1015-0E52-478D-9D4C-530480CCFAE1} = {A64043F7-4DBA-44F1-B090-E96876CF5EA9}
		{9F502B8D-EE0A-41D6-997A-EDF71540E468} = {A64043F7-4DBA-44F1-B090-E96876CF5EA9}
		{72BD7290-F249-484E-9C6A-99909DCF3293} = {D0B83480-E252-4625-AAA6-841813F7280B}
		{A083BFB3-958B-4C30-A46A-1383341C3D7B} = {A64043F7-4DBA-44F1-B090-E96876CF5EA9}
		{2CC2E578-1C1B-46A2-BB50-7BD009794E63} = {D0B83480-E252-4625-AAA6-841813F7280B}
		{7B58F74F-0534-4EDE-8A84-2139A773BAEC} = {F2B587D6-B6C6-474B-AB9B-D98B69338EE7}
		{A2997DA5-A9CF-48C7-8793-960723277B34} = {F2B587D6-B6C6-474B-AB9B-D98B69338EE7}
		{F826D33B-502F-4674-911B-64C8326310A5} = {D0B83480-E252-4625-AAA6-841813F7280B}
		{54103ED0-2D7A-4C8F-A183-2E012F341C93} = {F2B587D6-B6C6-474B-AB9B-D98B69338EE7}
		{506F6D72-272E-4E2B-93E9-81931B066DC8} = {F2B587D6-B6C6-474B-AB9B-D98B69338EE7}
		{5C188E7C-BC74-413E-B835-4920C684FB07} = {D0B83480-E252-4625-AAA6-841813F7280B}
	EndGlobalSection
	GlobalSection(ExtensibilityGlobals) = postSolution
		SolutionGuid = {C87B8CF5-68C9-4033-B620-77CD7BBD70B8}
	EndGlobalSection
EndGlobal
